// !$*UTF8*$!
{
	archiveVersion = 1;
	classes = {
	};
	objectVersion = 46;
	objects = {

/* Begin PBXBuildFile section */
		31C17E5F1CF96B430018755D /* Foundation.framework in Frameworks */ = {isa = PBXBuildFile; fileRef = 31C17E5E1CF96B430018755D /* Foundation.framework */; };
		31C17E611CF96B430018755D /* CoreGraphics.framework in Frameworks */ = {isa = PBXBuildFile; fileRef = 31C17E601CF96B430018755D /* CoreGraphics.framework */; };
		31C17E631CF96B430018755D /* UIKit.framework in Frameworks */ = {isa = PBXBuildFile; fileRef = 31C17E621CF96B430018755D /* UIKit.framework */; };
		31C17E691CF96B430018755D /* InfoPlist.strings in Resources */ = {isa = PBXBuildFile; fileRef = 31C17E671CF96B430018755D /* InfoPlist.strings */; };
		31C17E6B1CF96B430018755D /* main.m in Sources */ = {isa = PBXBuildFile; fileRef = 31C17E6A1CF96B430018755D /* main.m */; };
		31C17E6F1CF96B430018755D /* AppDelegate.m in Sources */ = {isa = PBXBuildFile; fileRef = 31C17E6E1CF96B430018755D /* AppDelegate.m */; };
		31C17E721CF96B430018755D /* Main.storyboard in Resources */ = {isa = PBXBuildFile; fileRef = 31C17E701CF96B430018755D /* Main.storyboard */; };
		31C17E751CF96B430018755D /* ViewController.m in Sources */ = {isa = PBXBuildFile; fileRef = 31C17E741CF96B430018755D /* ViewController.m */; };
		31C17E771CF96B430018755D /* Images.xcassets in Resources */ = {isa = PBXBuildFile; fileRef = 31C17E761CF96B430018755D /* Images.xcassets */; };
		31C17E7E1CF96B440018755D /* XCTest.framework in Frameworks */ = {isa = PBXBuildFile; fileRef = 31C17E7D1CF96B440018755D /* XCTest.framework */; };
		31C17E7F1CF96B440018755D /* Foundation.framework in Frameworks */ = {isa = PBXBuildFile; fileRef = 31C17E5E1CF96B430018755D /* Foundation.framework */; };
		31C17E801CF96B440018755D /* UIKit.framework in Frameworks */ = {isa = PBXBuildFile; fileRef = 31C17E621CF96B430018755D /* UIKit.framework */; };
		31C17E881CF96B440018755D /* InfoPlist.strings in Resources */ = {isa = PBXBuildFile; fileRef = 31C17E861CF96B440018755D /* InfoPlist.strings */; };
		31C17E8A1CF96B440018755D /* abcTests.m in Sources */ = {isa = PBXBuildFile; fileRef = 31C17E891CF96B440018755D /* abcTests.m */; };
/* End PBXBuildFile section */

/* Begin PBXContainerItemProxy section */
		31C17E811CF96B440018755D /* PBXContainerItemProxy */ = {
			isa = PBXContainerItemProxy;
			containerPortal = 31C17E531CF96B430018755D /* Project object */;
			proxyType = 1;
			remoteGlobalIDString = 31C17E5A1CF96B430018755D;
			remoteInfo = abc;
		};
/* End PBXContainerItemProxy section */

/* Begin PBXFileReference section */
		31C17E5B1CF96B430018755D /* abc.app */ = {isa = PBXFileReference; explicitFileType = wrapper.application; includeInIndex = 0; path = abc.app; sourceTree = BUILT_PRODUCTS_DIR; };
		31C17E5E1CF96B430018755D /* Foundation.framework */ = {isa = PBXFileReference; lastKnownFileType = wrapper.framework; name = Foundation.framework; path = System/Library/Frameworks/Foundation.framework; sourceTree = SDKROOT; };
		31C17E601CF96B430018755D /* CoreGraphics.framework */ = {isa = PBXFileReference; lastKnownFileType = wrapper.framework; name = CoreGraphics.framework; path = System/Library/Frameworks/CoreGraphics.framework; sourceTree = SDKROOT; };
		31C17E621CF96B430018755D /* UIKit.framework */ = {isa = PBXFileReference; lastKnownFileType = wrapper.framework; name = UIKit.framework; path = System/Library/Frameworks/UIKit.framework; sourceTree = SDKROOT; };
		31C17E661CF96B430018755D /* abc-Info.plist */ = {isa = PBXFileReference; lastKnownFileType = text.plist.xml; path = "abc-Info.plist"; sourceTree = "<group>"; };
		31C17E681CF96B430018755D /* en */ = {isa = PBXFileReference; lastKnownFileType = text.plist.strings; name = en; path = en.lproj/InfoPlist.strings; sourceTree = "<group>"; };
		31C17E6A1CF96B430018755D /* main.m */ = {isa = PBXFileReference; lastKnownFileType = sourcecode.c.objc; path = main.m; sourceTree = "<group>"; };
		31C17E6C1CF96B430018755D /* abc-Prefix.pch */ = {isa = PBXFileReference; lastKnownFileType = sourcecode.c.h; path = "abc-Prefix.pch"; sourceTree = "<group>"; };
		31C17E6D1CF96B430018755D /* AppDelegate.h */ = {isa = PBXFileReference; lastKnownFileType = sourcecode.c.h; path = AppDelegate.h; sourceTree = "<group>"; };
		31C17E6E1CF96B430018755D /* AppDelegate.m */ = {isa = PBXFileReference; lastKnownFileType = sourcecode.c.objc; path = AppDelegate.m; sourceTree = "<group>"; };
		31C17E711CF96B430018755D /* Base */ = {isa = PBXFileReference; lastKnownFileType = file.storyboard; name = Base; path = Base.lproj/Main.storyboard; sourceTree = "<group>"; };
		31C17E731CF96B430018755D /* ViewController.h */ = {isa = PBXFileReference; lastKnownFileType = sourcecode.c.h; path = ViewController.h; sourceTree = "<group>"; };
		31C17E741CF96B430018755D /* ViewController.m */ = {isa = PBXFileReference; lastKnownFileType = sourcecode.c.objc; path = ViewController.m; sourceTree = "<group>"; };
		31C17E761CF96B430018755D /* Images.xcassets */ = {isa = PBXFileReference; lastKnownFileType = folder.assetcatalog; path = Images.xcassets; sourceTree = "<group>"; };
		31C17E7C1CF96B440018755D /* abcTests.xctest */ = {isa = PBXFileReference; explicitFileType = wrapper.cfbundle; includeInIndex = 0; path = abcTests.xctest; sourceTree = BUILT_PRODUCTS_DIR; };
		31C17E7D1CF96B440018755D /* XCTest.framework */ = {isa = PBXFileReference; lastKnownFileType = wrapper.framework; name = XCTest.framework; path = Library/Frameworks/XCTest.framework; sourceTree = DEVELOPER_DIR; };
		31C17E851CF96B440018755D /* abcTests-Info.plist */ = {isa = PBXFileReference; lastKnownFileType = text.plist.xml; path = "abcTests-Info.plist"; sourceTree = "<group>"; };
		31C17E871CF96B440018755D /* en */ = {isa = PBXFileReference; lastKnownFileType = text.plist.strings; name = en; path = en.lproj/InfoPlist.strings; sourceTree = "<group>"; };
		31C17E891CF96B440018755D /* abcTests.m */ = {isa = PBXFileReference; lastKnownFileType = sourcecode.c.objc; path = abcTests.m; sourceTree = "<group>"; };
/* End PBXFileReference section */

/* Begin PBXFrameworksBuildPhase section */
		31C17E581CF96B430018755D /* Frameworks */ = {
			isa = PBXFrameworksBuildPhase;
			buildActionMask = 2147483647;
			files = (
				31C17E611CF96B430018755D /* CoreGraphics.framework in Frameworks */,
				31C17E631CF96B430018755D /* UIKit.framework in Frameworks */,
				31C17E5F1CF96B430018755D /* Foundation.framework in Frameworks */,
			);
			runOnlyForDeploymentPostprocessing = 0;
		};
		31C17E791CF96B430018755D /* Frameworks */ = {
			isa = PBXFrameworksBuildPhase;
			buildActionMask = 2147483647;
			files = (
				31C17E7E1CF96B440018755D /* XCTest.framework in Frameworks */,
				31C17E801CF96B440018755D /* UIKit.framework in Frameworks */,
				31C17E7F1CF96B440018755D /* Foundation.framework in Frameworks */,
			);
			runOnlyForDeploymentPostprocessing = 0;
		};
/* End PBXFrameworksBuildPhase section */

/* Begin PBXGroup section */
		31C17E521CF96B430018755D = {
			isa = PBXGroup;
			children = (
				31C17E641CF96B430018755D /* abc */,
				31C17E831CF96B440018755D /* abcTests */,
				31C17E5D1CF96B430018755D /* Frameworks */,
				31C17E5C1CF96B430018755D /* Products */,
			);
			sourceTree = "<group>";
		};
		31C17E5C1CF96B430018755D /* Products */ = {
			isa = PBXGroup;
			children = (
				31C17E5B1CF96B430018755D /* abc.app */,
				31C17E7C1CF96B440018755D /* abcTests.xctest */,
			);
			name = Products;
			sourceTree = "<group>";
		};
		31C17E5D1CF96B430018755D /* Frameworks */ = {
			isa = PBXGroup;
			children = (
				31C17E5E1CF96B430018755D /* Foundation.framework */,
				31C17E601CF96B430018755D /* CoreGraphics.framework */,
				31C17E621CF96B430018755D /* UIKit.framework */,
				31C17E7D1CF96B440018755D /* XCTest.framework */,
			);
			name = Frameworks;
			sourceTree = "<group>";
		};
		31C17E641CF96B430018755D /* abc */ = {
			isa = PBXGroup;
			children = (
				31C17E6D1CF96B430018755D /* AppDelegate.h */,
				31C17E6E1CF96B430018755D /* AppDelegate.m */,
				31C17E701CF96B430018755D /* Main.storyboard */,
				31C17E731CF96B430018755D /* ViewController.h */,
				31C17E741CF96B430018755D /* ViewController.m */,
				31C17E761CF96B430018755D /* Images.xcassets */,
				31C17E651CF96B430018755D /* Supporting Files */,
			);
			path = abc;
			sourceTree = "<group>";
		};
		31C17E651CF96B430018755D /* Supporting Files */ = {
			isa = PBXGroup;
			children = (
				31C17E661CF96B430018755D /* abc-Info.plist */,
				31C17E671CF96B430018755D /* InfoPlist.strings */,
				31C17E6A1CF96B430018755D /* main.m */,
				31C17E6C1CF96B430018755D /* abc-Prefix.pch */,
			);
			name = "Supporting Files";
			sourceTree = "<group>";
		};
		31C17E831CF96B440018755D /* abcTests */ = {
			isa = PBXGroup;
			children = (
				31C17E891CF96B440018755D /* abcTests.m */,
				31C17E841CF96B440018755D /* Supporting Files */,
			);
			path = abcTests;
			sourceTree = "<group>";
		};
		31C17E841CF96B440018755D /* Supporting Files */ = {
			isa = PBXGroup;
			children = (
				31C17E851CF96B440018755D /* abcTests-Info.plist */,
				31C17E861CF96B440018755D /* InfoPlist.strings */,
			);
			name = "Supporting Files";
			sourceTree = "<group>";
		};
/* End PBXGroup section */

/* Begin PBXNativeTarget section */
		31C17E5A1CF96B430018755D /* abc */ = {
			isa = PBXNativeTarget;
			buildConfigurationList = 31C17E8D1CF96B440018755D /* Build configuration list for PBXNativeTarget "abc" */;
			buildPhases = (
				31C17E571CF96B430018755D /* Sources */,
				31C17E581CF96B430018755D /* Frameworks */,
				31C17E591CF96B430018755D /* Resources */,
			);
			buildRules = (
			);
			dependencies = (
			);
			name = abc;
			productName = abc;
			productReference = 31C17E5B1CF96B430018755D /* abc.app */;
			productType = "com.apple.product-type.application";
		};
		31C17E7B1CF96B430018755D /* abcTests */ = {
			isa = PBXNativeTarget;
			buildConfigurationList = 31C17E901CF96B440018755D /* Build configuration list for PBXNativeTarget "abcTests" */;
			buildPhases = (
				31C17E781CF96B430018755D /* Sources */,
				31C17E791CF96B430018755D /* Frameworks */,
				31C17E7A1CF96B430018755D /* Resources */,
			);
			buildRules = (
			);
			dependencies = (
				31C17E821CF96B440018755D /* PBXTargetDependency */,
			);
			name = abcTests;
			productName = abcTests;
			productReference = 31C17E7C1CF96B440018755D /* abcTests.xctest */;
			productType = "com.apple.product-type.bundle.unit-test";
		};
/* End PBXNativeTarget section */

/* Begin PBXProject section */
		31C17E531CF96B430018755D /* Project object */ = {
			isa = PBXProject;
			attributes = {
				LastUpgradeCheck = 0510;
				ORGANIZATIONNAME = Agile;
				TargetAttributes = {
					31C17E7B1CF96B430018755D = {
						TestTargetID = 31C17E5A1CF96B430018755D;
					};
				};
			};
			buildConfigurationList = 31C17E561CF96B430018755D /* Build configuration list for PBXProject "abc" */;
			compatibilityVersion = "Xcode 3.2";
			developmentRegion = English;
			hasScannedForEncodings = 0;
			knownRegions = (
				en,
				Base,
			);
			mainGroup = 31C17E521CF96B430018755D;
			productRefGroup = 31C17E5C1CF96B430018755D /* Products */;
			projectDirPath = "";
			projectRoot = "";
			targets = (
				31C17E5A1CF96B430018755D /* abc */,
				31C17E7B1CF96B430018755D /* abcTests */,
			);
		};
/* End PBXProject section */

/* Begin PBXResourcesBuildPhase section */
		31C17E591CF96B430018755D /* Resources */ = {
			isa = PBXResourcesBuildPhase;
			buildActionMask = 2147483647;
			files = (
				31C17E771CF96B430018755D /* Images.xcassets in Resources */,
				31C17E691CF96B430018755D /* InfoPlist.strings in Resources */,
				31C17E721CF96B430018755D /* Main.storyboard in Resources */,
			);
			runOnlyForDeploymentPostprocessing = 0;
		};
		31C17E7A1CF96B430018755D /* Resources */ = {
			isa = PBXResourcesBuildPhase;
			buildActionMask = 2147483647;
			files = (
				31C17E881CF96B440018755D /* InfoPlist.strings in Resources */,
			);
			runOnlyForDeploymentPostprocessing = 0;
		};
/* End PBXResourcesBuildPhase section */

/* Begin PBXSourcesBuildPhase section */
		31C17E571CF96B430018755D /* Sources */ = {
			isa = PBXSourcesBuildPhase;
			buildActionMask = 2147483647;
			files = (
				31C17E751CF96B430018755D /* ViewController.m in Sources */,
				31C17E6F1CF96B430018755D /* AppDelegate.m in Sources */,
				31C17E6B1CF96B430018755D /* main.m in Sources */,
			);
			runOnlyForDeploymentPostprocessing = 0;
		};
		31C17E781CF96B430018755D /* Sources */ = {
			isa = PBXSourcesBuildPhase;
			buildActionMask = 2147483647;
			files = (
				31C17E8A1CF96B440018755D /* abcTests.m in Sources */,
			);
			runOnlyForDeploymentPostprocessing = 0;
		};
/* End PBXSourcesBuildPhase section */

/* Begin PBXTargetDependency section */
		31C17E821CF96B440018755D /* PBXTargetDependency */ = {
			isa = PBXTargetDependency;
			target = 31C17E5A1CF96B430018755D /* abc */;
			targetProxy = 31C17E811CF96B440018755D /* PBXContainerItemProxy */;
		};
/* End PBXTargetDependency section */

/* Begin PBXVariantGroup section */
		31C17E671CF96B430018755D /* InfoPlist.strings */ = {
			isa = PBXVariantGroup;
			children = (
				31C17E681CF96B430018755D /* en */,
			);
			name = InfoPlist.strings;
			sourceTree = "<group>";
		};
		31C17E701CF96B430018755D /* Main.storyboard */ = {
			isa = PBXVariantGroup;
			children = (
				31C17E711CF96B430018755D /* Base */,
			);
			name = Main.storyboard;
			sourceTree = "<group>";
		};
		31C17E861CF96B440018755D /* InfoPlist.strings */ = {
			isa = PBXVariantGroup;
			children = (
				31C17E871CF96B440018755D /* en */,
			);
			name = InfoPlist.strings;
			sourceTree = "<group>";
		};
/* End PBXVariantGroup section */

/* Begin XCBuildConfiguration section */
		31C17E8B1CF96B440018755D /* Debug */ = {
			isa = XCBuildConfiguration;
			buildSettings = {
				ALWAYS_SEARCH_USER_PATHS = NO;
				CLANG_CXX_LANGUAGE_STANDARD = "gnu++0x";
				CLANG_CXX_LIBRARY = "libc++";
				CLANG_ENABLE_MODULES = YES;
				CLANG_ENABLE_OBJC_ARC = YES;
				CLANG_WARN_BOOL_CONVERSION = YES;
				CLANG_WARN_CONSTANT_CONVERSION = YES;
				CLANG_WARN_DIRECT_OBJC_ISA_USAGE = YES_ERROR;
				CLANG_WARN_EMPTY_BODY = YES;
				CLANG_WARN_ENUM_CONVERSION = YES;
				CLANG_WARN_INT_CONVERSION = YES;
				CLANG_WARN_OBJC_ROOT_CLASS = YES_ERROR;
				CLANG_WARN__DUPLICATE_METHOD_MATCH = YES;
				"CODE_SIGN_IDENTITY[sdk=iphoneos*]" = "iPhone Developer";
				COPY_PHASE_STRIP = NO;
				GCC_C_LANGUAGE_STANDARD = gnu99;
				GCC_DYNAMIC_NO_PIC = NO;
				GCC_OPTIMIZATION_LEVEL = 0;
				GCC_PREPROCESSOR_DEFINITIONS = (
					"DEBUG=1",
					"$(inherited)",
				);
				GCC_SYMBOLS_PRIVATE_EXTERN = NO;
				GCC_WARN_64_TO_32_BIT_CONVERSION = YES;
				GCC_WARN_ABOUT_RETURN_TYPE = YES_ERROR;
				GCC_WARN_UNDECLARED_SELECTOR = YES;
				GCC_WARN_UNINITIALIZED_AUTOS = YES_AGGRESSIVE;
				GCC_WARN_UNUSED_FUNCTION = YES;
				GCC_WARN_UNUSED_VARIABLE = YES;
				IPHONEOS_DEPLOYMENT_TARGET = 7.1;
				ONLY_ACTIVE_ARCH = YES;
				SDKROOT = iphoneos;
			};
			name = Debug;
		};
		31C17E8C1CF96B440018755D /* Release */ = {
			isa = XCBuildConfiguration;
			buildSettings = {
				ALWAYS_SEARCH_USER_PATHS = NO;
				CLANG_CXX_LANGUAGE_STANDARD = "gnu++0x";
				CLANG_CXX_LIBRARY = "libc++";
				CLANG_ENABLE_MODULES = YES;
				CLANG_ENABLE_OBJC_ARC = YES;
				CLANG_WARN_BOOL_CONVERSION = YES;
				CLANG_WARN_CONSTANT_CONVERSION = YES;
				CLANG_WARN_DIRECT_OBJC_ISA_USAGE = YES_ERROR;
				CLANG_WARN_EMPTY_BODY = YES;
				CLANG_WARN_ENUM_CONVERSION = YES;
				CLANG_WARN_INT_CONVERSION = YES;
				CLANG_WARN_OBJC_ROOT_CLASS = YES_ERROR;
				CLANG_WARN__DUPLICATE_METHOD_MATCH = YES;
				"CODE_SIGN_IDENTITY[sdk=iphoneos*]" = "iPhone Developer";
				COPY_PHASE_STRIP = YES;
				ENABLE_NS_ASSERTIONS = NO;
				GCC_C_LANGUAGE_STANDARD = gnu99;
				GCC_WARN_64_TO_32_BIT_CONVERSION = YES;
				GCC_WARN_ABOUT_RETURN_TYPE = YES_ERROR;
				GCC_WARN_UNDECLARED_SELECTOR = YES;
				GCC_WARN_UNINITIALIZED_AUTOS = YES_AGGRESSIVE;
				GCC_WARN_UNUSED_FUNCTION = YES;
				GCC_WARN_UNUSED_VARIABLE = YES;
				IPHONEOS_DEPLOYMENT_TARGET = 7.1;
				SDKROOT = iphoneos;
				VALIDATE_PRODUCT = YES;
			};
			name = Release;
		};
		31C17E8E1CF96B440018755D /* Debug */ = {
			isa = XCBuildConfiguration;
			buildSettings = {
				ASSETCATALOG_COMPILER_APPICON_NAME = AppIcon;
				ASSETCATALOG_COMPILER_LAUNCHIMAGE_NAME = LaunchImage;
				GCC_PRECOMPILE_PREFIX_HEADER = YES;
				GCC_PREFIX_HEADER = "abc/abc-Prefix.pch";
				INFOPLIST_FILE = "abc/abc-Info.plist";
				PRODUCT_NAME = "$(TARGET_NAME)";
				WRAPPER_EXTENSION = app;
			};
			name = Debug;
		};
		31C17E8F1CF96B440018755D /* Release */ = {
			isa = XCBuildConfiguration;
			buildSettings = {
				ASSETCATALOG_COMPILER_APPICON_NAME = AppIcon;
				ASSETCATALOG_COMPILER_LAUNCHIMAGE_NAME = LaunchImage;
				GCC_PRECOMPILE_PREFIX_HEADER = YES;
				GCC_PREFIX_HEADER = "abc/abc-Prefix.pch";
				INFOPLIST_FILE = "abc/abc-Info.plist";
				PRODUCT_NAME = "$(TARGET_NAME)";
				WRAPPER_EXTENSION = app;
			};
			name = Release;
		};
		31C17E911CF96B440018755D /* Debug */ = {
			isa = XCBuildConfiguration;
			buildSettings = {
				BUNDLE_LOADER = "$(BUILT_PRODUCTS_DIR)/abc.app/abc";
				FRAMEWORK_SEARCH_PATHS = (
					"$(SDKROOT)/Developer/Library/Frameworks",
					"$(inherited)",
					"$(DEVELOPER_FRAMEWORKS_DIR)",
				);
				GCC_PRECOMPILE_PREFIX_HEADER = YES;
				GCC_PREFIX_HEADER = "abc/abc-Prefix.pch";
				GCC_PREPROCESSOR_DEFINITIONS = (
					"DEBUG=1",
					"$(inherited)",
				);
				INFOPLIST_FILE = "abcTests/abcTests-Info.plist";
				PRODUCT_NAME = "$(TARGET_NAME)";
				TEST_HOST = "$(BUNDLE_LOADER)";
				WRAPPER_EXTENSION = xctest;
			};
			name = Debug;
		};
		31C17E921CF96B440018755D /* Release */ = {
			isa = XCBuildConfiguration;
			buildSettings = {
				BUNDLE_LOADER = "$(BUILT_PRODUCTS_DIR)/abc.app/abc";
				FRAMEWORK_SEARCH_PATHS = (
					"$(SDKROOT)/Developer/Library/Frameworks",
					"$(inherited)",
					"$(DEVELOPER_FRAMEWORKS_DIR)",
				);
				GCC_PRECOMPILE_PREFIX_HEADER = YES;
				GCC_PREFIX_HEADER = "abc/abc-Prefix.pch";
				INFOPLIST_FILE = "abcTests/abcTests-Info.plist";
				PRODUCT_NAME = "$(TARGET_NAME)";
				TEST_HOST = "$(BUNDLE_LOADER)";
				WRAPPER_EXTENSION = xctest;
			};
			name = Release;
		};
/* End XCBuildConfiguration section */

/* Begin XCConfigurationList section */
		31C17E561CF96B430018755D /* Build configuration list for PBXProject "abc" */ = {
			isa = XCConfigurationList;
			buildConfigurations = (
				31C17E8B1CF96B440018755D /* Debug */,
				31C17E8C1CF96B440018755D /* Release */,
			);
			defaultConfigurationIsVisible = 0;
			defaultConfigurationName = Release;
		};
		31C17E8D1CF96B440018755D /* Build configuration list for PBXNativeTarget "abc" */ = {
			isa = XCConfigurationList;
			buildConfigurations = (
				31C17E8E1CF96B440018755D /* Debug */,
				31C17E8F1CF96B440018755D /* Release */,
			);
			defaultConfigurationIsVisible = 0;
		};
		31C17E901CF96B440018755D /* Build configuration list for PBXNativeTarget "abcTests" */ = {
			isa = XCConfigurationList;
			buildConfigurations = (
				31C17E911CF96B440018755D /* Debug */,
				31C17E921CF96B440018755D /* Release */,
			);
			defaultConfigurationIsVisible = 0;
		};
/* End XCConfigurationList section */
	};
	rootObject = 31C17E531CF96B430018755D /* Project object */;
}
