// !$*UTF8*$!
{
	archiveVersion = 1;
	classes = {
	};
	objectVersion = 46;
	objects = {

/* Begin PBXBuildFile section */
		4F72E3CE1D0B352100DB34F8 /* Foundation.framework in Frameworks */ = {isa = PBXBuildFile; fileRef = 4F72E3CD1D0B352100DB34F8 /* Foundation.framework */; };
		4F72E3D01D0B352100DB34F8 /* CoreGraphics.framework in Frameworks */ = {isa = PBXBuildFile; fileRef = 4F72E3CF1D0B352100DB34F8 /* CoreGraphics.framework */; };
		4F72E3D21D0B352100DB34F8 /* UIKit.framework in Frameworks */ = {isa = PBXBuildFile; fileRef = 4F72E3D11D0B352100DB34F8 /* UIKit.framework */; };
		4F72E3D81D0B352100DB34F8 /* InfoPlist.strings in Resources */ = {isa = PBXBuildFile; fileRef = 4F72E3D61D0B352100DB34F8 /* InfoPlist.strings */; };
		4F72E3DA1D0B352100DB34F8 /* main.m in Sources */ = {isa = PBXBuildFile; fileRef = 4F72E3D91D0B352100DB34F8 /* main.m */; };
		4F72E3DE1D0B352100DB34F8 /* AppDelegate.m in Sources */ = {isa = PBXBuildFile; fileRef = 4F72E3DD1D0B352100DB34F8 /* AppDelegate.m */; };
		4F72E3E41D0B352100DB34F8 /* ViewController.m in Sources */ = {isa = PBXBuildFile; fileRef = 4F72E3E31D0B352100DB34F8 /* ViewController.m */; };
		4F72E3E61D0B352100DB34F8 /* Images.xcassets in Resources */ = {isa = PBXBuildFile; fileRef = 4F72E3E51D0B352100DB34F8 /* Images.xcassets */; };
		4F72E3ED1D0B352100DB34F8 /* XCTest.framework in Frameworks */ = {isa = PBXBuildFile; fileRef = 4F72E3EC1D0B352100DB34F8 /* XCTest.framework */; };
		4F72E3EE1D0B352100DB34F8 /* Foundation.framework in Frameworks */ = {isa = PBXBuildFile; fileRef = 4F72E3CD1D0B352100DB34F8 /* Foundation.framework */; };
		4F72E3EF1D0B352100DB34F8 /* UIKit.framework in Frameworks */ = {isa = PBXBuildFile; fileRef = 4F72E3D11D0B352100DB34F8 /* UIKit.framework */; };
		4F72E3F71D0B352200DB34F8 /* InfoPlist.strings in Resources */ = {isa = PBXBuildFile; fileRef = 4F72E3F51D0B352200DB34F8 /* InfoPlist.strings */; };
		4F72E3F91D0B352200DB34F8 /* ScrolViewTests.m in Sources */ = {isa = PBXBuildFile; fileRef = 4F72E3F81D0B352200DB34F8 /* ScrolViewTests.m */; };
		4F72E4051D0B404E00DB34F8 /* ViewController.xib in Resources */ = {isa = PBXBuildFile; fileRef = 4F72E4041D0B404E00DB34F8 /* ViewController.xib */; };
/* End PBXBuildFile section */

/* Begin PBXContainerItemProxy section */
		4F72E3F01D0B352100DB34F8 /* PBXContainerItemProxy */ = {
			isa = PBXContainerItemProxy;
			containerPortal = 4F72E3C21D0B352100DB34F8 /* Project object */;
			proxyType = 1;
			remoteGlobalIDString = 4F72E3C91D0B352100DB34F8;
			remoteInfo = ScrolView;
		};
/* End PBXContainerItemProxy section */

/* Begin PBXFileReference section */
		4F72E3CA1D0B352100DB34F8 /* ScrolView.app */ = {isa = PBXFileReference; explicitFileType = wrapper.application; includeInIndex = 0; path = ScrolView.app; sourceTree = BUILT_PRODUCTS_DIR; };
		4F72E3CD1D0B352100DB34F8 /* Foundation.framework */ = {isa = PBXFileReference; lastKnownFileType = wrapper.framework; name = Foundation.framework; path = System/Library/Frameworks/Foundation.framework; sourceTree = SDKROOT; };
		4F72E3CF1D0B352100DB34F8 /* CoreGraphics.framework */ = {isa = PBXFileReference; lastKnownFileType = wrapper.framework; name = CoreGraphics.framework; path = System/Library/Frameworks/CoreGraphics.framework; sourceTree = SDKROOT; };
		4F72E3D11D0B352100DB34F8 /* UIKit.framework */ = {isa = PBXFileReference; lastKnownFileType = wrapper.framework; name = UIKit.framework; path = System/Library/Frameworks/UIKit.framework; sourceTree = SDKROOT; };
		4F72E3D51D0B352100DB34F8 /* ScrolView-Info.plist */ = {isa = PBXFileReference; lastKnownFileType = text.plist.xml; path = "ScrolView-Info.plist"; sourceTree = "<group>"; };
		4F72E3D71D0B352100DB34F8 /* en */ = {isa = PBXFileReference; lastKnownFileType = text.plist.strings; name = en; path = en.lproj/InfoPlist.strings; sourceTree = "<group>"; };
		4F72E3D91D0B352100DB34F8 /* main.m */ = {isa = PBXFileReference; lastKnownFileType = sourcecode.c.objc; path = main.m; sourceTree = "<group>"; };
		4F72E3DB1D0B352100DB34F8 /* ScrolView-Prefix.pch */ = {isa = PBXFileReference; lastKnownFileType = sourcecode.c.h; path = "ScrolView-Prefix.pch"; sourceTree = "<group>"; };
		4F72E3DC1D0B352100DB34F8 /* AppDelegate.h */ = {isa = PBXFileReference; lastKnownFileType = sourcecode.c.h; path = AppDelegate.h; sourceTree = "<group>"; };
		4F72E3DD1D0B352100DB34F8 /* AppDelegate.m */ = {isa = PBXFileReference; lastKnownFileType = sourcecode.c.objc; path = AppDelegate.m; sourceTree = "<group>"; };
		4F72E3E21D0B352100DB34F8 /* ViewController.h */ = {isa = PBXFileReference; lastKnownFileType = sourcecode.c.h; path = ViewController.h; sourceTree = "<group>"; };
		4F72E3E31D0B352100DB34F8 /* ViewController.m */ = {isa = PBXFileReference; lastKnownFileType = sourcecode.c.objc; path = ViewController.m; sourceTree = "<group>"; };
		4F72E3E51D0B352100DB34F8 /* Images.xcassets */ = {isa = PBXFileReference; lastKnownFileType = folder.assetcatalog; path = Images.xcassets; sourceTree = "<group>"; };
		4F72E3EB1D0B352100DB34F8 /* ScrolViewTests.xctest */ = {isa = PBXFileReference; explicitFileType = wrapper.cfbundle; includeInIndex = 0; path = ScrolViewTests.xctest; sourceTree = BUILT_PRODUCTS_DIR; };
		4F72E3EC1D0B352100DB34F8 /* XCTest.framework */ = {isa = PBXFileReference; lastKnownFileType = wrapper.framework; name = XCTest.framework; path = Library/Frameworks/XCTest.framework; sourceTree = DEVELOPER_DIR; };
		4F72E3F41D0B352200DB34F8 /* ScrolViewTests-Info.plist */ = {isa = PBXFileReference; lastKnownFileType = text.plist.xml; path = "ScrolViewTests-Info.plist"; sourceTree = "<group>"; };
		4F72E3F61D0B352200DB34F8 /* en */ = {isa = PBXFileReference; lastKnownFileType = text.plist.strings; name = en; path = en.lproj/InfoPlist.strings; sourceTree = "<group>"; };
		4F72E3F81D0B352200DB34F8 /* ScrolViewTests.m */ = {isa = PBXFileReference; lastKnownFileType = sourcecode.c.objc; path = ScrolViewTests.m; sourceTree = "<group>"; };
		4F72E4041D0B404E00DB34F8 /* ViewController.xib */ = {isa = PBXFileReference; fileEncoding = 4; lastKnownFileType = file.xib; path = ViewController.xib; sourceTree = "<group>"; };
/* End PBXFileReference section */

/* Begin PBXFrameworksBuildPhase section */
		4F72E3C71D0B352100DB34F8 /* Frameworks */ = {
			isa = PBXFrameworksBuildPhase;
			buildActionMask = 2147483647;
			files = (
				4F72E3D01D0B352100DB34F8 /* CoreGraphics.framework in Frameworks */,
				4F72E3D21D0B352100DB34F8 /* UIKit.framework in Frameworks */,
				4F72E3CE1D0B352100DB34F8 /* Foundation.framework in Frameworks */,
			);
			runOnlyForDeploymentPostprocessing = 0;
		};
		4F72E3E81D0B352100DB34F8 /* Frameworks */ = {
			isa = PBXFrameworksBuildPhase;
			buildActionMask = 2147483647;
			files = (
				4F72E3ED1D0B352100DB34F8 /* XCTest.framework in Frameworks */,
				4F72E3EF1D0B352100DB34F8 /* UIKit.framework in Frameworks */,
				4F72E3EE1D0B352100DB34F8 /* Foundation.framework in Frameworks */,
			);
			runOnlyForDeploymentPostprocessing = 0;
		};
/* End PBXFrameworksBuildPhase section */

/* Begin PBXGroup section */
		4F72E3C11D0B352100DB34F8 = {
			isa = PBXGroup;
			children = (
				4F72E3D31D0B352100DB34F8 /* ScrolView */,
				4F72E3F21D0B352100DB34F8 /* ScrolViewTests */,
				4F72E3CC1D0B352100DB34F8 /* Frameworks */,
				4F72E3CB1D0B352100DB34F8 /* Products */,
			);
			sourceTree = "<group>";
		};
		4F72E3CB1D0B352100DB34F8 /* Products */ = {
			isa = PBXGroup;
			children = (
				4F72E3CA1D0B352100DB34F8 /* ScrolView.app */,
				4F72E3EB1D0B352100DB34F8 /* ScrolViewTests.xctest */,
			);
			name = Products;
			sourceTree = "<group>";
		};
		4F72E3CC1D0B352100DB34F8 /* Frameworks */ = {
			isa = PBXGroup;
			children = (
				4F72E3CD1D0B352100DB34F8 /* Foundation.framework */,
				4F72E3CF1D0B352100DB34F8 /* CoreGraphics.framework */,
				4F72E3D11D0B352100DB34F8 /* UIKit.framework */,
				4F72E3EC1D0B352100DB34F8 /* XCTest.framework */,
			);
			name = Frameworks;
			sourceTree = "<group>";
		};
		4F72E3D31D0B352100DB34F8 /* ScrolView */ = {
			isa = PBXGroup;
			children = (
				4F72E3DC1D0B352100DB34F8 /* AppDelegate.h */,
				4F72E3DD1D0B352100DB34F8 /* AppDelegate.m */,
				4F72E3E21D0B352100DB34F8 /* ViewController.h */,
				4F72E3E31D0B352100DB34F8 /* ViewController.m */,
				4F72E4041D0B404E00DB34F8 /* ViewController.xib */,
				4F72E3E51D0B352100DB34F8 /* Images.xcassets */,
				4F72E3D41D0B352100DB34F8 /* Supporting Files */,
			);
			path = ScrolView;
			sourceTree = "<group>";
		};
		4F72E3D41D0B352100DB34F8 /* Supporting Files */ = {
			isa = PBXGroup;
			children = (
				4F72E3D51D0B352100DB34F8 /* ScrolView-Info.plist */,
				4F72E3D61D0B352100DB34F8 /* InfoPlist.strings */,
				4F72E3D91D0B352100DB34F8 /* main.m */,
				4F72E3DB1D0B352100DB34F8 /* ScrolView-Prefix.pch */,
			);
			name = "Supporting Files";
			sourceTree = "<group>";
		};
		4F72E3F21D0B352100DB34F8 /* ScrolViewTests */ = {
			isa = PBXGroup;
			children = (
				4F72E3F81D0B352200DB34F8 /* ScrolViewTests.m */,
				4F72E3F31D0B352200DB34F8 /* Supporting Files */,
			);
			path = ScrolViewTests;
			sourceTree = "<group>";
		};
		4F72E3F31D0B352200DB34F8 /* Supporting Files */ = {
			isa = PBXGroup;
			children = (
				4F72E3F41D0B352200DB34F8 /* ScrolViewTests-Info.plist */,
				4F72E3F51D0B352200DB34F8 /* InfoPlist.strings */,
			);
			name = "Supporting Files";
			sourceTree = "<group>";
		};
/* End PBXGroup section */

/* Begin PBXNativeTarget section */
		4F72E3C91D0B352100DB34F8 /* ScrolView */ = {
			isa = PBXNativeTarget;
			buildConfigurationList = 4F72E3FC1D0B352200DB34F8 /* Build configuration list for PBXNativeTarget "ScrolView" */;
			buildPhases = (
				4F72E3C61D0B352100DB34F8 /* Sources */,
				4F72E3C71D0B352100DB34F8 /* Frameworks */,
				4F72E3C81D0B352100DB34F8 /* Resources */,
			);
			buildRules = (
			);
			dependencies = (
			);
			name = ScrolView;
			productName = ScrolView;
			productReference = 4F72E3CA1D0B352100DB34F8 /* ScrolView.app */;
			productType = "com.apple.product-type.application";
		};
		4F72E3EA1D0B352100DB34F8 /* ScrolViewTests */ = {
			isa = PBXNativeTarget;
			buildConfigurationList = 4F72E3FF1D0B352200DB34F8 /* Build configuration list for PBXNativeTarget "ScrolViewTests" */;
			buildPhases = (
				4F72E3E71D0B352100DB34F8 /* Sources */,
				4F72E3E81D0B352100DB34F8 /* Frameworks */,
				4F72E3E91D0B352100DB34F8 /* Resources */,
			);
			buildRules = (
			);
			dependencies = (
				4F72E3F11D0B352100DB34F8 /* PBXTargetDependency */,
			);
			name = ScrolViewTests;
			productName = ScrolViewTests;
			productReference = 4F72E3EB1D0B352100DB34F8 /* ScrolViewTests.xctest */;
			productType = "com.apple.product-type.bundle.unit-test";
		};
/* End PBXNativeTarget section */

/* Begin PBXProject section */
		4F72E3C21D0B352100DB34F8 /* Project object */ = {
			isa = PBXProject;
			attributes = {
				LastUpgradeCheck = 0510;
				ORGANIZATIONNAME = iraniya;
				TargetAttributes = {
					4F72E3EA1D0B352100DB34F8 = {
						TestTargetID = 4F72E3C91D0B352100DB34F8;
					};
				};
			};
			buildConfigurationList = 4F72E3C51D0B352100DB34F8 /* Build configuration list for PBXProject "ScrolView" */;
			compatibilityVersion = "Xcode 3.2";
			developmentRegion = English;
			hasScannedForEncodings = 0;
			knownRegions = (
				en,
				Base,
			);
			mainGroup = 4F72E3C11D0B352100DB34F8;
			productRefGroup = 4F72E3CB1D0B352100DB34F8 /* Products */;
			projectDirPath = "";
			projectRoot = "";
			targets = (
				4F72E3C91D0B352100DB34F8 /* ScrolView */,
				4F72E3EA1D0B352100DB34F8 /* ScrolViewTests */,
			);
		};
/* End PBXProject section */

/* Begin PBXResourcesBuildPhase section */
		4F72E3C81D0B352100DB34F8 /* Resources */ = {
			isa = PBXResourcesBuildPhase;
			buildActionMask = 2147483647;
			files = (
				4F72E3E61D0B352100DB34F8 /* Images.xcassets in Resources */,
				4F72E4051D0B404E00DB34F8 /* ViewController.xib in Resources */,
				4F72E3D81D0B352100DB34F8 /* InfoPlist.strings in Resources */,
			);
			runOnlyForDeploymentPostprocessing = 0;
		};
		4F72E3E91D0B352100DB34F8 /* Resources */ = {
			isa = PBXResourcesBuildPhase;
			buildActionMask = 2147483647;
			files = (
				4F72E3F71D0B352200DB34F8 /* InfoPlist.strings in Resources */,
			);
			runOnlyForDeploymentPostprocessing = 0;
		};
/* End PBXResourcesBuildPhase section */

/* Begin PBXSourcesBuildPhase section */
		4F72E3C61D0B352100DB34F8 /* Sources */ = {
			isa = PBXSourcesBuildPhase;
			buildActionMask = 2147483647;
			files = (
				4F72E3E41D0B352100DB34F8 /* ViewController.m in Sources */,
				4F72E3DE1D0B352100DB34F8 /* AppDelegate.m in Sources */,
				4F72E3DA1D0B352100DB34F8 /* main.m in Sources */,
			);
			runOnlyForDeploymentPostprocessing = 0;
		};
		4F72E3E71D0B352100DB34F8 /* Sources */ = {
			isa = PBXSourcesBuildPhase;
			buildActionMask = 2147483647;
			files = (
				4F72E3F91D0B352200DB34F8 /* ScrolViewTests.m in Sources */,
			);
			runOnlyForDeploymentPostprocessing = 0;
		};
/* End PBXSourcesBuildPhase section */

/* Begin PBXTargetDependency section */
		4F72E3F11D0B352100DB34F8 /* PBXTargetDependency */ = {
			isa = PBXTargetDependency;
			target = 4F72E3C91D0B352100DB34F8 /* ScrolView */;
			targetProxy = 4F72E3F01D0B352100DB34F8 /* PBXContainerItemProxy */;
		};
/* End PBXTargetDependency section */

/* Begin PBXVariantGroup section */
		4F72E3D61D0B352100DB34F8 /* InfoPlist.strings */ = {
			isa = PBXVariantGroup;
			children = (
				4F72E3D71D0B352100DB34F8 /* en */,
			);
			name = InfoPlist.strings;
			sourceTree = "<group>";
		};
		4F72E3F51D0B352200DB34F8 /* InfoPlist.strings */ = {
			isa = PBXVariantGroup;
			children = (
				4F72E3F61D0B352200DB34F8 /* en */,
			);
			name = InfoPlist.strings;
			sourceTree = "<group>";
		};
/* End PBXVariantGroup section */

/* Begin XCBuildConfiguration section */
		4F72E3FA1D0B352200DB34F8 /* Debug */ = {
			isa = XCBuildConfiguration;
			buildSettings = {
				ALWAYS_SEARCH_USER_PATHS = NO;
				CLANG_CXX_LANGUAGE_STANDARD = "gnu++0x";
				CLANG_CXX_LIBRARY = "libc++";
				CLANG_ENABLE_MODULES = YES;
				CLANG_ENABLE_OBJC_ARC = YES;
				CLANG_WARN_BOOL_CONVERSION = YES;
				CLANG_WARN_CONSTANT_CONVERSION = YES;
				CLANG_WARN_DIRECT_OBJC_ISA_USAGE = YES_ERROR;
				CLANG_WARN_EMPTY_BODY = YES;
				CLANG_WARN_ENUM_CONVERSION = YES;
				CLANG_WARN_INT_CONVERSION = YES;
				CLANG_WARN_OBJC_ROOT_CLASS = YES_ERROR;
				CLANG_WARN__DUPLICATE_METHOD_MATCH = YES;
				"CODE_SIGN_IDENTITY[sdk=iphoneos*]" = "iPhone Developer";
				COPY_PHASE_STRIP = NO;
				GCC_C_LANGUAGE_STANDARD = gnu99;
				GCC_DYNAMIC_NO_PIC = NO;
				GCC_OPTIMIZATION_LEVEL = 0;
				GCC_PREPROCESSOR_DEFINITIONS = (
					"DEBUG=1",
					"$(inherited)",
				);
				GCC_SYMBOLS_PRIVATE_EXTERN = NO;
				GCC_WARN_64_TO_32_BIT_CONVERSION = YES;
				GCC_WARN_ABOUT_RETURN_TYPE = YES_ERROR;
				GCC_WARN_UNDECLARED_SELECTOR = YES;
				GCC_WARN_UNINITIALIZED_AUTOS = YES_AGGRESSIVE;
				GCC_WARN_UNUSED_FUNCTION = YES;
				GCC_WARN_UNUSED_VARIABLE = YES;
				IPHONEOS_DEPLOYMENT_TARGET = 7.1;
				ONLY_ACTIVE_ARCH = YES;
				SDKROOT = iphoneos;
			};
			name = Debug;
		};
		4F72E3FB1D0B352200DB34F8 /* Release */ = {
			isa = XCBuildConfiguration;
			buildSettings = {
				ALWAYS_SEARCH_USER_PATHS = NO;
				CLANG_CXX_LANGUAGE_STANDARD = "gnu++0x";
				CLANG_CXX_LIBRARY = "libc++";
				CLANG_ENABLE_MODULES = YES;
				CLANG_ENABLE_OBJC_ARC = YES;
				CLANG_WARN_BOOL_CONVERSION = YES;
				CLANG_WARN_CONSTANT_CONVERSION = YES;
				CLANG_WARN_DIRECT_OBJC_ISA_USAGE = YES_ERROR;
				CLANG_WARN_EMPTY_BODY = YES;
				CLANG_WARN_ENUM_CONVERSION = YES;
				CLANG_WARN_INT_CONVERSION = YES;
				CLANG_WARN_OBJC_ROOT_CLASS = YES_ERROR;
				CLANG_WARN__DUPLICATE_METHOD_MATCH = YES;
				"CODE_SIGN_IDENTITY[sdk=iphoneos*]" = "iPhone Developer";
				COPY_PHASE_STRIP = YES;
				ENABLE_NS_ASSERTIONS = NO;
				GCC_C_LANGUAGE_STANDARD = gnu99;
				GCC_WARN_64_TO_32_BIT_CONVERSION = YES;
				GCC_WARN_ABOUT_RETURN_TYPE = YES_ERROR;
				GCC_WARN_UNDECLARED_SELECTOR = YES;
				GCC_WARN_UNINITIALIZED_AUTOS = YES_AGGRESSIVE;
				GCC_WARN_UNUSED_FUNCTION = YES;
				GCC_WARN_UNUSED_VARIABLE = YES;
				IPHONEOS_DEPLOYMENT_TARGET = 7.1;
				SDKROOT = iphoneos;
				VALIDATE_PRODUCT = YES;
			};
			name = Release;
		};
		4F72E3FD1D0B352200DB34F8 /* Debug */ = {
			isa = XCBuildConfiguration;
			buildSettings = {
				ASSETCATALOG_COMPILER_APPICON_NAME = AppIcon;
				ASSETCATALOG_COMPILER_LAUNCHIMAGE_NAME = LaunchImage;
				GCC_PRECOMPILE_PREFIX_HEADER = YES;
				GCC_PREFIX_HEADER = "ScrolView/ScrolView-Prefix.pch";
				INFOPLIST_FILE = "ScrolView/ScrolView-Info.plist";
				PRODUCT_NAME = "$(TARGET_NAME)";
				WRAPPER_EXTENSION = app;
			};
			name = Debug;
		};
		4F72E3FE1D0B352200DB34F8 /* Release */ = {
			isa = XCBuildConfiguration;
			buildSettings = {
				ASSETCATALOG_COMPILER_APPICON_NAME = AppIcon;
				ASSETCATALOG_COMPILER_LAUNCHIMAGE_NAME = LaunchImage;
				GCC_PRECOMPILE_PREFIX_HEADER = YES;
				GCC_PREFIX_HEADER = "ScrolView/ScrolView-Prefix.pch";
				INFOPLIST_FILE = "ScrolView/ScrolView-Info.plist";
				PRODUCT_NAME = "$(TARGET_NAME)";
				WRAPPER_EXTENSION = app;
			};
			name = Release;
		};
		4F72E4001D0B352200DB34F8 /* Debug */ = {
			isa = XCBuildConfiguration;
			buildSettings = {
				BUNDLE_LOADER = "$(BUILT_PRODUCTS_DIR)/ScrolView.app/ScrolView";
				FRAMEWORK_SEARCH_PATHS = (
					"$(SDKROOT)/Developer/Library/Frameworks",
					"$(inherited)",
					"$(DEVELOPER_FRAMEWORKS_DIR)",
				);
				GCC_PRECOMPILE_PREFIX_HEADER = YES;
				GCC_PREFIX_HEADER = "ScrolView/ScrolView-Prefix.pch";
				GCC_PREPROCESSOR_DEFINITIONS = (
					"DEBUG=1",
					"$(inherited)",
				);
				INFOPLIST_FILE = "ScrolViewTests/ScrolViewTests-Info.plist";
				PRODUCT_NAME = "$(TARGET_NAME)";
				TEST_HOST = "$(BUNDLE_LOADER)";
				WRAPPER_EXTENSION = xctest;
			};
			name = Debug;
		};
		4F72E4011D0B352200DB34F8 /* Release */ = {
			isa = XCBuildConfiguration;
			buildSettings = {
				BUNDLE_LOADER = "$(BUILT_PRODUCTS_DIR)/ScrolView.app/ScrolView";
				FRAMEWORK_SEARCH_PATHS = (
					"$(SDKROOT)/Developer/Library/Frameworks",
					"$(inherited)",
					"$(DEVELOPER_FRAMEWORKS_DIR)",
				);
				GCC_PRECOMPILE_PREFIX_HEADER = YES;
				GCC_PREFIX_HEADER = "ScrolView/ScrolView-Prefix.pch";
				INFOPLIST_FILE = "ScrolViewTests/ScrolViewTests-Info.plist";
				PRODUCT_NAME = "$(TARGET_NAME)";
				TEST_HOST = "$(BUNDLE_LOADER)";
				WRAPPER_EXTENSION = xctest;
			};
			name = Release;
		};
/* End XCBuildConfiguration section */

/* Begin XCConfigurationList section */
		4F72E3C51D0B352100DB34F8 /* Build configuration list for PBXProject "ScrolView" */ = {
			isa = XCConfigurationList;
			buildConfigurations = (
				4F72E3FA1D0B352200DB34F8 /* Debug */,
				4F72E3FB1D0B352200DB34F8 /* Release */,
			);
			defaultConfigurationIsVisible = 0;
			defaultConfigurationName = Release;
		};
		4F72E3FC1D0B352200DB34F8 /* Build configuration list for PBXNativeTarget "ScrolView" */ = {
			isa = XCConfigurationList;
			buildConfigurations = (
				4F72E3FD1D0B352200DB34F8 /* Debug */,
				4F72E3FE1D0B352200DB34F8 /* Release */,
			);
			defaultConfigurationIsVisible = 0;
		};
		4F72E3FF1D0B352200DB34F8 /* Build configuration list for PBXNativeTarget "ScrolViewTests" */ = {
			isa = XCConfigurationList;
			buildConfigurations = (
				4F72E4001D0B352200DB34F8 /* Debug */,
				4F72E4011D0B352200DB34F8 /* Release */,
			);
			defaultConfigurationIsVisible = 0;
		};
/* End XCConfigurationList section */
	};
	rootObject = 4F72E3C21D0B352100DB34F8 /* Project object */;
}
