// !$*UTF8*$!
{
	archiveVersion = 1;
	classes = {
	};
	objectVersion = 46;
	objects = {

/* Begin PBXBuildFile section */
		4F5154A91CF5E09100CD629D /* Foundation.framework in Frameworks */ = {isa = PBXBuildFile; fileRef = 4F5154A81CF5E09100CD629D /* Foundation.framework */; };
		4F5154AB1CF5E09100CD629D /* CoreGraphics.framework in Frameworks */ = {isa = PBXBuildFile; fileRef = 4F5154AA1CF5E09100CD629D /* CoreGraphics.framework */; };
		4F5154AD1CF5E09100CD629D /* UIKit.framework in Frameworks */ = {isa = PBXBuildFile; fileRef = 4F5154AC1CF5E09100CD629D /* UIKit.framework */; };
		4F5154B31CF5E09100CD629D /* InfoPlist.strings in Resources */ = {isa = PBXBuildFile; fileRef = 4F5154B11CF5E09100CD629D /* InfoPlist.strings */; };
		4F5154B51CF5E09100CD629D /* main.m in Sources */ = {isa = PBXBuildFile; fileRef = 4F5154B41CF5E09100CD629D /* main.m */; };
		4F5154B91CF5E09100CD629D /* AppDelegate.m in Sources */ = {isa = PBXBuildFile; fileRef = 4F5154B81CF5E09100CD629D /* AppDelegate.m */; };
		4F5154BC1CF5E09100CD629D /* Main_iPhone.storyboard in Resources */ = {isa = PBXBuildFile; fileRef = 4F5154BA1CF5E09100CD629D /* Main_iPhone.storyboard */; };
		4F5154BF1CF5E09100CD629D /* Main_iPad.storyboard in Resources */ = {isa = PBXBuildFile; fileRef = 4F5154BD1CF5E09100CD629D /* Main_iPad.storyboard */; };
		4F5154C21CF5E09100CD629D /* ViewController.m in Sources */ = {isa = PBXBuildFile; fileRef = 4F5154C11CF5E09100CD629D /* ViewController.m */; };
		4F5154C41CF5E09100CD629D /* Images.xcassets in Resources */ = {isa = PBXBuildFile; fileRef = 4F5154C31CF5E09100CD629D /* Images.xcassets */; };
		4F5154CB1CF5E09100CD629D /* XCTest.framework in Frameworks */ = {isa = PBXBuildFile; fileRef = 4F5154CA1CF5E09100CD629D /* XCTest.framework */; };
		4F5154CC1CF5E09100CD629D /* Foundation.framework in Frameworks */ = {isa = PBXBuildFile; fileRef = 4F5154A81CF5E09100CD629D /* Foundation.framework */; };
		4F5154CD1CF5E09200CD629D /* UIKit.framework in Frameworks */ = {isa = PBXBuildFile; fileRef = 4F5154AC1CF5E09100CD629D /* UIKit.framework */; };
		4F5154D51CF5E09200CD629D /* InfoPlist.strings in Resources */ = {isa = PBXBuildFile; fileRef = 4F5154D31CF5E09200CD629D /* InfoPlist.strings */; };
		4F5154D71CF5E09200CD629D /* structDemoTests.m in Sources */ = {isa = PBXBuildFile; fileRef = 4F5154D61CF5E09200CD629D /* structDemoTests.m */; };
/* End PBXBuildFile section */

/* Begin PBXContainerItemProxy section */
		4F5154CE1CF5E09200CD629D /* PBXContainerItemProxy */ = {
			isa = PBXContainerItemProxy;
			containerPortal = 4F51549D1CF5E09100CD629D /* Project object */;
			proxyType = 1;
			remoteGlobalIDString = 4F5154A41CF5E09100CD629D;
			remoteInfo = structDemo;
		};
/* End PBXContainerItemProxy section */

/* Begin PBXFileReference section */
		4F5154A51CF5E09100CD629D /* structDemo.app */ = {isa = PBXFileReference; explicitFileType = wrapper.application; includeInIndex = 0; path = structDemo.app; sourceTree = BUILT_PRODUCTS_DIR; };
		4F5154A81CF5E09100CD629D /* Foundation.framework */ = {isa = PBXFileReference; lastKnownFileType = wrapper.framework; name = Foundation.framework; path = System/Library/Frameworks/Foundation.framework; sourceTree = SDKROOT; };
		4F5154AA1CF5E09100CD629D /* CoreGraphics.framework */ = {isa = PBXFileReference; lastKnownFileType = wrapper.framework; name = CoreGraphics.framework; path = System/Library/Frameworks/CoreGraphics.framework; sourceTree = SDKROOT; };
		4F5154AC1CF5E09100CD629D /* UIKit.framework */ = {isa = PBXFileReference; lastKnownFileType = wrapper.framework; name = UIKit.framework; path = System/Library/Frameworks/UIKit.framework; sourceTree = SDKROOT; };
		4F5154B01CF5E09100CD629D /* structDemo-Info.plist */ = {isa = PBXFileReference; lastKnownFileType = text.plist.xml; path = "structDemo-Info.plist"; sourceTree = "<group>"; };
		4F5154B21CF5E09100CD629D /* en */ = {isa = PBXFileReference; lastKnownFileType = text.plist.strings; name = en; path = en.lproj/InfoPlist.strings; sourceTree = "<group>"; };
		4F5154B41CF5E09100CD629D /* main.m */ = {isa = PBXFileReference; lastKnownFileType = sourcecode.c.objc; path = main.m; sourceTree = "<group>"; };
		4F5154B61CF5E09100CD629D /* structDemo-Prefix.pch */ = {isa = PBXFileReference; lastKnownFileType = sourcecode.c.h; path = "structDemo-Prefix.pch"; sourceTree = "<group>"; };
		4F5154B71CF5E09100CD629D /* AppDelegate.h */ = {isa = PBXFileReference; lastKnownFileType = sourcecode.c.h; path = AppDelegate.h; sourceTree = "<group>"; };
		4F5154B81CF5E09100CD629D /* AppDelegate.m */ = {isa = PBXFileReference; lastKnownFileType = sourcecode.c.objc; path = AppDelegate.m; sourceTree = "<group>"; };
		4F5154BB1CF5E09100CD629D /* Base */ = {isa = PBXFileReference; lastKnownFileType = file.storyboard; name = Base; path = Base.lproj/Main_iPhone.storyboard; sourceTree = "<group>"; };
		4F5154BE1CF5E09100CD629D /* Base */ = {isa = PBXFileReference; lastKnownFileType = file.storyboard; name = Base; path = Base.lproj/Main_iPad.storyboard; sourceTree = "<group>"; };
		4F5154C01CF5E09100CD629D /* ViewController.h */ = {isa = PBXFileReference; lastKnownFileType = sourcecode.c.h; path = ViewController.h; sourceTree = "<group>"; };
		4F5154C11CF5E09100CD629D /* ViewController.m */ = {isa = PBXFileReference; lastKnownFileType = sourcecode.c.objc; path = ViewController.m; sourceTree = "<group>"; };
		4F5154C31CF5E09100CD629D /* Images.xcassets */ = {isa = PBXFileReference; lastKnownFileType = folder.assetcatalog; path = Images.xcassets; sourceTree = "<group>"; };
		4F5154C91CF5E09100CD629D /* structDemoTests.xctest */ = {isa = PBXFileReference; explicitFileType = wrapper.cfbundle; includeInIndex = 0; path = structDemoTests.xctest; sourceTree = BUILT_PRODUCTS_DIR; };
		4F5154CA1CF5E09100CD629D /* XCTest.framework */ = {isa = PBXFileReference; lastKnownFileType = wrapper.framework; name = XCTest.framework; path = Library/Frameworks/XCTest.framework; sourceTree = DEVELOPER_DIR; };
		4F5154D21CF5E09200CD629D /* structDemoTests-Info.plist */ = {isa = PBXFileReference; lastKnownFileType = text.plist.xml; path = "structDemoTests-Info.plist"; sourceTree = "<group>"; };
		4F5154D41CF5E09200CD629D /* en */ = {isa = PBXFileReference; lastKnownFileType = text.plist.strings; name = en; path = en.lproj/InfoPlist.strings; sourceTree = "<group>"; };
		4F5154D61CF5E09200CD629D /* structDemoTests.m */ = {isa = PBXFileReference; lastKnownFileType = sourcecode.c.objc; path = structDemoTests.m; sourceTree = "<group>"; };
/* End PBXFileReference section */

/* Begin PBXFrameworksBuildPhase section */
		4F5154A21CF5E09100CD629D /* Frameworks */ = {
			isa = PBXFrameworksBuildPhase;
			buildActionMask = 2147483647;
			files = (
				4F5154AB1CF5E09100CD629D /* CoreGraphics.framework in Frameworks */,
				4F5154AD1CF5E09100CD629D /* UIKit.framework in Frameworks */,
				4F5154A91CF5E09100CD629D /* Foundation.framework in Frameworks */,
			);
			runOnlyForDeploymentPostprocessing = 0;
		};
		4F5154C61CF5E09100CD629D /* Frameworks */ = {
			isa = PBXFrameworksBuildPhase;
			buildActionMask = 2147483647;
			files = (
				4F5154CB1CF5E09100CD629D /* XCTest.framework in Frameworks */,
				4F5154CD1CF5E09200CD629D /* UIKit.framework in Frameworks */,
				4F5154CC1CF5E09100CD629D /* Foundation.framework in Frameworks */,
			);
			runOnlyForDeploymentPostprocessing = 0;
		};
/* End PBXFrameworksBuildPhase section */

/* Begin PBXGroup section */
		4F51549C1CF5E09100CD629D = {
			isa = PBXGroup;
			children = (
				4F5154AE1CF5E09100CD629D /* structDemo */,
				4F5154D01CF5E09200CD629D /* structDemoTests */,
				4F5154A71CF5E09100CD629D /* Frameworks */,
				4F5154A61CF5E09100CD629D /* Products */,
			);
			sourceTree = "<group>";
		};
		4F5154A61CF5E09100CD629D /* Products */ = {
			isa = PBXGroup;
			children = (
				4F5154A51CF5E09100CD629D /* structDemo.app */,
				4F5154C91CF5E09100CD629D /* structDemoTests.xctest */,
			);
			name = Products;
			sourceTree = "<group>";
		};
		4F5154A71CF5E09100CD629D /* Frameworks */ = {
			isa = PBXGroup;
			children = (
				4F5154A81CF5E09100CD629D /* Foundation.framework */,
				4F5154AA1CF5E09100CD629D /* CoreGraphics.framework */,
				4F5154AC1CF5E09100CD629D /* UIKit.framework */,
				4F5154CA1CF5E09100CD629D /* XCTest.framework */,
			);
			name = Frameworks;
			sourceTree = "<group>";
		};
		4F5154AE1CF5E09100CD629D /* structDemo */ = {
			isa = PBXGroup;
			children = (
				4F5154B71CF5E09100CD629D /* AppDelegate.h */,
				4F5154B81CF5E09100CD629D /* AppDelegate.m */,
				4F5154BA1CF5E09100CD629D /* Main_iPhone.storyboard */,
				4F5154BD1CF5E09100CD629D /* Main_iPad.storyboard */,
				4F5154C01CF5E09100CD629D /* ViewController.h */,
				4F5154C11CF5E09100CD629D /* ViewController.m */,
				4F5154C31CF5E09100CD629D /* Images.xcassets */,
				4F5154AF1CF5E09100CD629D /* Supporting Files */,
			);
			path = structDemo;
			sourceTree = "<group>";
		};
		4F5154AF1CF5E09100CD629D /* Supporting Files */ = {
			isa = PBXGroup;
			children = (
				4F5154B01CF5E09100CD629D /* structDemo-Info.plist */,
				4F5154B11CF5E09100CD629D /* InfoPlist.strings */,
				4F5154B41CF5E09100CD629D /* main.m */,
				4F5154B61CF5E09100CD629D /* structDemo-Prefix.pch */,
			);
			name = "Supporting Files";
			sourceTree = "<group>";
		};
		4F5154D01CF5E09200CD629D /* structDemoTests */ = {
			isa = PBXGroup;
			children = (
				4F5154D61CF5E09200CD629D /* structDemoTests.m */,
				4F5154D11CF5E09200CD629D /* Supporting Files */,
			);
			path = structDemoTests;
			sourceTree = "<group>";
		};
		4F5154D11CF5E09200CD629D /* Supporting Files */ = {
			isa = PBXGroup;
			children = (
				4F5154D21CF5E09200CD629D /* structDemoTests-Info.plist */,
				4F5154D31CF5E09200CD629D /* InfoPlist.strings */,
			);
			name = "Supporting Files";
			sourceTree = "<group>";
		};
/* End PBXGroup section */

/* Begin PBXNativeTarget section */
		4F5154A41CF5E09100CD629D /* structDemo */ = {
			isa = PBXNativeTarget;
			buildConfigurationList = 4F5154DA1CF5E09200CD629D /* Build configuration list for PBXNativeTarget "structDemo" */;
			buildPhases = (
				4F5154A11CF5E09100CD629D /* Sources */,
				4F5154A21CF5E09100CD629D /* Frameworks */,
				4F5154A31CF5E09100CD629D /* Resources */,
			);
			buildRules = (
			);
			dependencies = (
			);
			name = structDemo;
			productName = structDemo;
			productReference = 4F5154A51CF5E09100CD629D /* structDemo.app */;
			productType = "com.apple.product-type.application";
		};
		4F5154C81CF5E09100CD629D /* structDemoTests */ = {
			isa = PBXNativeTarget;
			buildConfigurationList = 4F5154DD1CF5E09200CD629D /* Build configuration list for PBXNativeTarget "structDemoTests" */;
			buildPhases = (
				4F5154C51CF5E09100CD629D /* Sources */,
				4F5154C61CF5E09100CD629D /* Frameworks */,
				4F5154C71CF5E09100CD629D /* Resources */,
			);
			buildRules = (
			);
			dependencies = (
				4F5154CF1CF5E09200CD629D /* PBXTargetDependency */,
			);
			name = structDemoTests;
			productName = structDemoTests;
			productReference = 4F5154C91CF5E09100CD629D /* structDemoTests.xctest */;
			productType = "com.apple.product-type.bundle.unit-test";
		};
/* End PBXNativeTarget section */

/* Begin PBXProject section */
		4F51549D1CF5E09100CD629D /* Project object */ = {
			isa = PBXProject;
			attributes = {
				LastUpgradeCheck = 0510;
				ORGANIZATIONNAME = iraniya;
				TargetAttributes = {
					4F5154C81CF5E09100CD629D = {
						TestTargetID = 4F5154A41CF5E09100CD629D;
					};
				};
			};
			buildConfigurationList = 4F5154A01CF5E09100CD629D /* Build configuration list for PBXProject "structDemo" */;
			compatibilityVersion = "Xcode 3.2";
			developmentRegion = English;
			hasScannedForEncodings = 0;
			knownRegions = (
				en,
				Base,
			);
			mainGroup = 4F51549C1CF5E09100CD629D;
			productRefGroup = 4F5154A61CF5E09100CD629D /* Products */;
			projectDirPath = "";
			projectRoot = "";
			targets = (
				4F5154A41CF5E09100CD629D /* structDemo */,
				4F5154C81CF5E09100CD629D /* structDemoTests */,
			);
		};
/* End PBXProject section */

/* Begin PBXResourcesBuildPhase section */
		4F5154A31CF5E09100CD629D /* Resources */ = {
			isa = PBXResourcesBuildPhase;
			buildActionMask = 2147483647;
			files = (
				4F5154BF1CF5E09100CD629D /* Main_iPad.storyboard in Resources */,
				4F5154C41CF5E09100CD629D /* Images.xcassets in Resources */,
				4F5154BC1CF5E09100CD629D /* Main_iPhone.storyboard in Resources */,
				4F5154B31CF5E09100CD629D /* InfoPlist.strings in Resources */,
			);
			runOnlyForDeploymentPostprocessing = 0;
		};
		4F5154C71CF5E09100CD629D /* Resources */ = {
			isa = PBXResourcesBuildPhase;
			buildActionMask = 2147483647;
			files = (
				4F5154D51CF5E09200CD629D /* InfoPlist.strings in Resources */,
			);
			runOnlyForDeploymentPostprocessing = 0;
		};
/* End PBXResourcesBuildPhase section */

/* Begin PBXSourcesBuildPhase section */
		4F5154A11CF5E09100CD629D /* Sources */ = {
			isa = PBXSourcesBuildPhase;
			buildActionMask = 2147483647;
			files = (
				4F5154C21CF5E09100CD629D /* ViewController.m in Sources */,
				4F5154B91CF5E09100CD629D /* AppDelegate.m in Sources */,
				4F5154B51CF5E09100CD629D /* main.m in Sources */,
			);
			runOnlyForDeploymentPostprocessing = 0;
		};
		4F5154C51CF5E09100CD629D /* Sources */ = {
			isa = PBXSourcesBuildPhase;
			buildActionMask = 2147483647;
			files = (
				4F5154D71CF5E09200CD629D /* structDemoTests.m in Sources */,
			);
			runOnlyForDeploymentPostprocessing = 0;
		};
/* End PBXSourcesBuildPhase section */

/* Begin PBXTargetDependency section */
		4F5154CF1CF5E09200CD629D /* PBXTargetDependency */ = {
			isa = PBXTargetDependency;
			target = 4F5154A41CF5E09100CD629D /* structDemo */;
			targetProxy = 4F5154CE1CF5E09200CD629D /* PBXContainerItemProxy */;
		};
/* End PBXTargetDependency section */

/* Begin PBXVariantGroup section */
		4F5154B11CF5E09100CD629D /* InfoPlist.strings */ = {
			isa = PBXVariantGroup;
			children = (
				4F5154B21CF5E09100CD629D /* en */,
			);
			name = InfoPlist.strings;
			sourceTree = "<group>";
		};
		4F5154BA1CF5E09100CD629D /* Main_iPhone.storyboard */ = {
			isa = PBXVariantGroup;
			children = (
				4F5154BB1CF5E09100CD629D /* Base */,
			);
			name = Main_iPhone.storyboard;
			sourceTree = "<group>";
		};
		4F5154BD1CF5E09100CD629D /* Main_iPad.storyboard */ = {
			isa = PBXVariantGroup;
			children = (
				4F5154BE1CF5E09100CD629D /* Base */,
			);
			name = Main_iPad.storyboard;
			sourceTree = "<group>";
		};
		4F5154D31CF5E09200CD629D /* InfoPlist.strings */ = {
			isa = PBXVariantGroup;
			children = (
				4F5154D41CF5E09200CD629D /* en */,
			);
			name = InfoPlist.strings;
			sourceTree = "<group>";
		};
/* End PBXVariantGroup section */

/* Begin XCBuildConfiguration section */
		4F5154D81CF5E09200CD629D /* Debug */ = {
			isa = XCBuildConfiguration;
			buildSettings = {
				ALWAYS_SEARCH_USER_PATHS = NO;
				CLANG_CXX_LANGUAGE_STANDARD = "gnu++0x";
				CLANG_CXX_LIBRARY = "libc++";
				CLANG_ENABLE_MODULES = YES;
				CLANG_ENABLE_OBJC_ARC = YES;
				CLANG_WARN_BOOL_CONVERSION = YES;
				CLANG_WARN_CONSTANT_CONVERSION = YES;
				CLANG_WARN_DIRECT_OBJC_ISA_USAGE = YES_ERROR;
				CLANG_WARN_EMPTY_BODY = YES;
				CLANG_WARN_ENUM_CONVERSION = YES;
				CLANG_WARN_INT_CONVERSION = YES;
				CLANG_WARN_OBJC_ROOT_CLASS = YES_ERROR;
				CLANG_WARN__DUPLICATE_METHOD_MATCH = YES;
				"CODE_SIGN_IDENTITY[sdk=iphoneos*]" = "iPhone Developer";
				COPY_PHASE_STRIP = NO;
				GCC_C_LANGUAGE_STANDARD = gnu99;
				GCC_DYNAMIC_NO_PIC = NO;
				GCC_OPTIMIZATION_LEVEL = 0;
				GCC_PREPROCESSOR_DEFINITIONS = (
					"DEBUG=1",
					"$(inherited)",
				);
				GCC_SYMBOLS_PRIVATE_EXTERN = NO;
				GCC_WARN_64_TO_32_BIT_CONVERSION = YES;
				GCC_WARN_ABOUT_RETURN_TYPE = YES_ERROR;
				GCC_WARN_UNDECLARED_SELECTOR = YES;
				GCC_WARN_UNINITIALIZED_AUTOS = YES_AGGRESSIVE;
				GCC_WARN_UNUSED_FUNCTION = YES;
				GCC_WARN_UNUSED_VARIABLE = YES;
				IPHONEOS_DEPLOYMENT_TARGET = 7.1;
				ONLY_ACTIVE_ARCH = YES;
				SDKROOT = iphoneos;
				TARGETED_DEVICE_FAMILY = "1,2";
			};
			name = Debug;
		};
		4F5154D91CF5E09200CD629D /* Release */ = {
			isa = XCBuildConfiguration;
			buildSettings = {
				ALWAYS_SEARCH_USER_PATHS = NO;
				CLANG_CXX_LANGUAGE_STANDARD = "gnu++0x";
				CLANG_CXX_LIBRARY = "libc++";
				CLANG_ENABLE_MODULES = YES;
				CLANG_ENABLE_OBJC_ARC = YES;
				CLANG_WARN_BOOL_CONVERSION = YES;
				CLANG_WARN_CONSTANT_CONVERSION = YES;
				CLANG_WARN_DIRECT_OBJC_ISA_USAGE = YES_ERROR;
				CLANG_WARN_EMPTY_BODY = YES;
				CLANG_WARN_ENUM_CONVERSION = YES;
				CLANG_WARN_INT_CONVERSION = YES;
				CLANG_WARN_OBJC_ROOT_CLASS = YES_ERROR;
				CLANG_WARN__DUPLICATE_METHOD_MATCH = YES;
				"CODE_SIGN_IDENTITY[sdk=iphoneos*]" = "iPhone Developer";
				COPY_PHASE_STRIP = YES;
				ENABLE_NS_ASSERTIONS = NO;
				GCC_C_LANGUAGE_STANDARD = gnu99;
				GCC_WARN_64_TO_32_BIT_CONVERSION = YES;
				GCC_WARN_ABOUT_RETURN_TYPE = YES_ERROR;
				GCC_WARN_UNDECLARED_SELECTOR = YES;
				GCC_WARN_UNINITIALIZED_AUTOS = YES_AGGRESSIVE;
				GCC_WARN_UNUSED_FUNCTION = YES;
				GCC_WARN_UNUSED_VARIABLE = YES;
				IPHONEOS_DEPLOYMENT_TARGET = 7.1;
				SDKROOT = iphoneos;
				TARGETED_DEVICE_FAMILY = "1,2";
				VALIDATE_PRODUCT = YES;
			};
			name = Release;
		};
		4F5154DB1CF5E09200CD629D /* Debug */ = {
			isa = XCBuildConfiguration;
			buildSettings = {
				ASSETCATALOG_COMPILER_APPICON_NAME = AppIcon;
				ASSETCATALOG_COMPILER_LAUNCHIMAGE_NAME = LaunchImage;
				GCC_PRECOMPILE_PREFIX_HEADER = YES;
				GCC_PREFIX_HEADER = "structDemo/structDemo-Prefix.pch";
				INFOPLIST_FILE = "structDemo/structDemo-Info.plist";
				PRODUCT_NAME = "$(TARGET_NAME)";
				WRAPPER_EXTENSION = app;
			};
			name = Debug;
		};
		4F5154DC1CF5E09200CD629D /* Release */ = {
			isa = XCBuildConfiguration;
			buildSettings = {
				ASSETCATALOG_COMPILER_APPICON_NAME = AppIcon;
				ASSETCATALOG_COMPILER_LAUNCHIMAGE_NAME = LaunchImage;
				GCC_PRECOMPILE_PREFIX_HEADER = YES;
				GCC_PREFIX_HEADER = "structDemo/structDemo-Prefix.pch";
				INFOPLIST_FILE = "structDemo/structDemo-Info.plist";
				PRODUCT_NAME = "$(TARGET_NAME)";
				WRAPPER_EXTENSION = app;
			};
			name = Release;
		};
		4F5154DE1CF5E09200CD629D /* Debug */ = {
			isa = XCBuildConfiguration;
			buildSettings = {
				BUNDLE_LOADER = "$(BUILT_PRODUCTS_DIR)/structDemo.app/structDemo";
				FRAMEWORK_SEARCH_PATHS = (
					"$(SDKROOT)/Developer/Library/Frameworks",
					"$(inherited)",
					"$(DEVELOPER_FRAMEWORKS_DIR)",
				);
				GCC_PRECOMPILE_PREFIX_HEADER = YES;
				GCC_PREFIX_HEADER = "structDemo/structDemo-Prefix.pch";
				GCC_PREPROCESSOR_DEFINITIONS = (
					"DEBUG=1",
					"$(inherited)",
				);
				INFOPLIST_FILE = "structDemoTests/structDemoTests-Info.plist";
				PRODUCT_NAME = "$(TARGET_NAME)";
				TEST_HOST = "$(BUNDLE_LOADER)";
				WRAPPER_EXTENSION = xctest;
			};
			name = Debug;
		};
		4F5154DF1CF5E09200CD629D /* Release */ = {
			isa = XCBuildConfiguration;
			buildSettings = {
				BUNDLE_LOADER = "$(BUILT_PRODUCTS_DIR)/structDemo.app/structDemo";
				FRAMEWORK_SEARCH_PATHS = (
					"$(SDKROOT)/Developer/Library/Frameworks",
					"$(inherited)",
					"$(DEVELOPER_FRAMEWORKS_DIR)",
				);
				GCC_PRECOMPILE_PREFIX_HEADER = YES;
				GCC_PREFIX_HEADER = "structDemo/structDemo-Prefix.pch";
				INFOPLIST_FILE = "structDemoTests/structDemoTests-Info.plist";
				PRODUCT_NAME = "$(TARGET_NAME)";
				TEST_HOST = "$(BUNDLE_LOADER)";
				WRAPPER_EXTENSION = xctest;
			};
			name = Release;
		};
/* End XCBuildConfiguration section */

/* Begin XCConfigurationList section */
		4F5154A01CF5E09100CD629D /* Build configuration list for PBXProject "structDemo" */ = {
			isa = XCConfigurationList;
			buildConfigurations = (
				4F5154D81CF5E09200CD629D /* Debug */,
				4F5154D91CF5E09200CD629D /* Release */,
			);
			defaultConfigurationIsVisible = 0;
			defaultConfigurationName = Release;
		};
		4F5154DA1CF5E09200CD629D /* Build configuration list for PBXNativeTarget "structDemo" */ = {
			isa = XCConfigurationList;
			buildConfigurations = (
				4F5154DB1CF5E09200CD629D /* Debug */,
				4F5154DC1CF5E09200CD629D /* Release */,
			);
			defaultConfigurationIsVisible = 0;
		};
		4F5154DD1CF5E09200CD629D /* Build configuration list for PBXNativeTarget "structDemoTests" */ = {
			isa = XCConfigurationList;
			buildConfigurations = (
				4F5154DE1CF5E09200CD629D /* Debug */,
				4F5154DF1CF5E09200CD629D /* Release */,
			);
			defaultConfigurationIsVisible = 0;
		};
/* End XCConfigurationList section */
	};
	rootObject = 4F51549D1CF5E09100CD629D /* Project object */;
}
