// !$*UTF8*$!
{
	archiveVersion = 1;
	classes = {
	};
	objectVersion = 46;
	objects = {

/* Begin PBXBuildFile section */
		31C17E1E000000A90018755D /* Foundation.framework in Frameworks */ = {isa = PBXBuildFile; fileRef = 31C17E1D000000A90018755D /* Foundation.framework */; };
		31C17E20000000A90018755D /* CoreGraphics.framework in Frameworks */ = {isa = PBXBuildFile; fileRef = 31C17E1F000000A90018755D /* CoreGraphics.framework */; };
		31C17E22000000A90018755D /* UIKit.framework in Frameworks */ = {isa = PBXBuildFile; fileRef = 31C17E21000000A90018755D /* UIKit.framework */; };
		31C17E28000000A90018755D /* InfoPlist.strings in Resources */ = {isa = PBXBuildFile; fileRef = 31C17E26000000A90018755D /* InfoPlist.strings */; };
		31C17E2A000000A90018755D /* main.m in Sources */ = {isa = PBXBuildFile; fileRef = 31C17E29000000A90018755D /* main.m */; };
		31C17E2E000000A90018755D /* AppDelegate.m in Sources */ = {isa = PBXBuildFile; fileRef = 31C17E2D000000A90018755D /* AppDelegate.m */; };
		31C17E31000000A90018755D /* Main.storyboard in Resources */ = {isa = PBXBuildFile; fileRef = 31C17E2F000000A90018755D /* Main.storyboard */; };
		31C17E34000000A90018755D /* ViewController.m in Sources */ = {isa = PBXBuildFile; fileRef = 31C17E33000000A90018755D /* ViewController.m */; };
		31C17E36000000A90018755D /* Images.xcassets in Resources */ = {isa = PBXBuildFile; fileRef = 31C17E35000000A90018755D /* Images.xcassets */; };
		31C17E3D000000A90018755D /* XCTest.framework in Frameworks */ = {isa = PBXBuildFile; fileRef = 31C17E3C000000A90018755D /* XCTest.framework */; };
		31C17E3E000000A90018755D /* Foundation.framework in Frameworks */ = {isa = PBXBuildFile; fileRef = 31C17E1D000000A90018755D /* Foundation.framework */; };
		31C17E3F000000A90018755D /* UIKit.framework in Frameworks */ = {isa = PBXBuildFile; fileRef = 31C17E21000000A90018755D /* UIKit.framework */; };
		31C17E47000000A90018755D /* InfoPlist.strings in Resources */ = {isa = PBXBuildFile; fileRef = 31C17E45000000A90018755D /* InfoPlist.strings */; };
		31C17E49000000A90018755D /* tempTests.m in Sources */ = {isa = PBXBuildFile; fileRef = 31C17E48000000A90018755D /* tempTests.m */; };
/* End PBXBuildFile section */

/* Begin PBXContainerItemProxy section */
		31C17E40000000A90018755D /* PBXContainerItemProxy */ = {
			isa = PBXContainerItemProxy;
			containerPortal = 31C17E12000000A90018755D /* Project object */;
			proxyType = 1;
			remoteGlobalIDString = 31C17E19000000A90018755D;
			remoteInfo = temp;
		};
/* End PBXContainerItemProxy section */

/* Begin PBXFileReference section */
		31C17E1A000000A90018755D /* temp.app */ = {isa = PBXFileReference; explicitFileType = wrapper.application; includeInIndex = 0; path = temp.app; sourceTree = BUILT_PRODUCTS_DIR; };
		31C17E1D000000A90018755D /* Foundation.framework */ = {isa = PBXFileReference; lastKnownFileType = wrapper.framework; name = Foundation.framework; path = System/Library/Frameworks/Foundation.framework; sourceTree = SDKROOT; };
		31C17E1F000000A90018755D /* CoreGraphics.framework */ = {isa = PBXFileReference; lastKnownFileType = wrapper.framework; name = CoreGraphics.framework; path = System/Library/Frameworks/CoreGraphics.framework; sourceTree = SDKROOT; };
		31C17E21000000A90018755D /* UIKit.framework */ = {isa = PBXFileReference; lastKnownFileType = wrapper.framework; name = UIKit.framework; path = System/Library/Frameworks/UIKit.framework; sourceTree = SDKROOT; };
		31C17E25000000A90018755D /* temp-Info.plist */ = {isa = PBXFileReference; lastKnownFileType = text.plist.xml; path = "temp-Info.plist"; sourceTree = "<group>"; };
		31C17E27000000A90018755D /* en */ = {isa = PBXFileReference; lastKnownFileType = text.plist.strings; name = en; path = en.lproj/InfoPlist.strings; sourceTree = "<group>"; };
		31C17E29000000A90018755D /* main.m */ = {isa = PBXFileReference; lastKnownFileType = sourcecode.c.objc; path = main.m; sourceTree = "<group>"; };
		31C17E2B000000A90018755D /* temp-Prefix.pch */ = {isa = PBXFileReference; lastKnownFileType = sourcecode.c.h; path = "temp-Prefix.pch"; sourceTree = "<group>"; };
		31C17E2C000000A90018755D /* AppDelegate.h */ = {isa = PBXFileReference; lastKnownFileType = sourcecode.c.h; path = AppDelegate.h; sourceTree = "<group>"; };
		31C17E2D000000A90018755D /* AppDelegate.m */ = {isa = PBXFileReference; lastKnownFileType = sourcecode.c.objc; path = AppDelegate.m; sourceTree = "<group>"; };
		31C17E30000000A90018755D /* Base */ = {isa = PBXFileReference; lastKnownFileType = file.storyboard; name = Base; path = Base.lproj/Main.storyboard; sourceTree = "<group>"; };
		31C17E32000000A90018755D /* ViewController.h */ = {isa = PBXFileReference; lastKnownFileType = sourcecode.c.h; path = ViewController.h; sourceTree = "<group>"; };
		31C17E33000000A90018755D /* ViewController.m */ = {isa = PBXFileReference; lastKnownFileType = sourcecode.c.objc; path = ViewController.m; sourceTree = "<group>"; };
		31C17E35000000A90018755D /* Images.xcassets */ = {isa = PBXFileReference; lastKnownFileType = folder.assetcatalog; path = Images.xcassets; sourceTree = "<group>"; };
		31C17E3B000000A90018755D /* tempTests.xctest */ = {isa = PBXFileReference; explicitFileType = wrapper.cfbundle; includeInIndex = 0; path = tempTests.xctest; sourceTree = BUILT_PRODUCTS_DIR; };
		31C17E3C000000A90018755D /* XCTest.framework */ = {isa = PBXFileReference; lastKnownFileType = wrapper.framework; name = XCTest.framework; path = Library/Frameworks/XCTest.framework; sourceTree = DEVELOPER_DIR; };
		31C17E44000000A90018755D /* tempTests-Info.plist */ = {isa = PBXFileReference; lastKnownFileType = text.plist.xml; path = "tempTests-Info.plist"; sourceTree = "<group>"; };
		31C17E46000000A90018755D /* en */ = {isa = PBXFileReference; lastKnownFileType = text.plist.strings; name = en; path = en.lproj/InfoPlist.strings; sourceTree = "<group>"; };
		31C17E48000000A90018755D /* tempTests.m */ = {isa = PBXFileReference; lastKnownFileType = sourcecode.c.objc; path = tempTests.m; sourceTree = "<group>"; };
/* End PBXFileReference section */

/* Begin PBXFrameworksBuildPhase section */
		31C17E17000000A90018755D /* Frameworks */ = {
			isa = PBXFrameworksBuildPhase;
			buildActionMask = 2147483647;
			files = (
				31C17E20000000A90018755D /* CoreGraphics.framework in Frameworks */,
				31C17E22000000A90018755D /* UIKit.framework in Frameworks */,
				31C17E1E000000A90018755D /* Foundation.framework in Frameworks */,
			);
			runOnlyForDeploymentPostprocessing = 0;
		};
		31C17E38000000A90018755D /* Frameworks */ = {
			isa = PBXFrameworksBuildPhase;
			buildActionMask = 2147483647;
			files = (
				31C17E3D000000A90018755D /* XCTest.framework in Frameworks */,
				31C17E3F000000A90018755D /* UIKit.framework in Frameworks */,
				31C17E3E000000A90018755D /* Foundation.framework in Frameworks */,
			);
			runOnlyForDeploymentPostprocessing = 0;
		};
/* End PBXFrameworksBuildPhase section */

/* Begin PBXGroup section */
		31C17E11000000A90018755D = {
			isa = PBXGroup;
			children = (
				31C17E23000000A90018755D /* temp */,
				31C17E42000000A90018755D /* tempTests */,
				31C17E1C000000A90018755D /* Frameworks */,
				31C17E1B000000A90018755D /* Products */,
			);
			sourceTree = "<group>";
		};
		31C17E1B000000A90018755D /* Products */ = {
			isa = PBXGroup;
			children = (
				31C17E1A000000A90018755D /* temp.app */,
				31C17E3B000000A90018755D /* tempTests.xctest */,
			);
			name = Products;
			sourceTree = "<group>";
		};
		31C17E1C000000A90018755D /* Frameworks */ = {
			isa = PBXGroup;
			children = (
				31C17E1D000000A90018755D /* Foundation.framework */,
				31C17E1F000000A90018755D /* CoreGraphics.framework */,
				31C17E21000000A90018755D /* UIKit.framework */,
				31C17E3C000000A90018755D /* XCTest.framework */,
			);
			name = Frameworks;
			sourceTree = "<group>";
		};
		31C17E23000000A90018755D /* temp */ = {
			isa = PBXGroup;
			children = (
				31C17E2C000000A90018755D /* AppDelegate.h */,
				31C17E2D000000A90018755D /* AppDelegate.m */,
				31C17E2F000000A90018755D /* Main.storyboard */,
				31C17E32000000A90018755D /* ViewController.h */,
				31C17E33000000A90018755D /* ViewController.m */,
				31C17E35000000A90018755D /* Images.xcassets */,
				31C17E24000000A90018755D /* Supporting Files */,
			);
			path = temp;
			sourceTree = "<group>";
		};
		31C17E24000000A90018755D /* Supporting Files */ = {
			isa = PBXGroup;
			children = (
				31C17E25000000A90018755D /* temp-Info.plist */,
				31C17E26000000A90018755D /* InfoPlist.strings */,
				31C17E29000000A90018755D /* main.m */,
				31C17E2B000000A90018755D /* temp-Prefix.pch */,
			);
			name = "Supporting Files";
			sourceTree = "<group>";
		};
		31C17E42000000A90018755D /* tempTests */ = {
			isa = PBXGroup;
			children = (
				31C17E48000000A90018755D /* tempTests.m */,
				31C17E43000000A90018755D /* Supporting Files */,
			);
			path = tempTests;
			sourceTree = "<group>";
		};
		31C17E43000000A90018755D /* Supporting Files */ = {
			isa = PBXGroup;
			children = (
				31C17E44000000A90018755D /* tempTests-Info.plist */,
				31C17E45000000A90018755D /* InfoPlist.strings */,
			);
			name = "Supporting Files";
			sourceTree = "<group>";
		};
/* End PBXGroup section */

/* Begin PBXNativeTarget section */
		31C17E19000000A90018755D /* temp */ = {
			isa = PBXNativeTarget;
			buildConfigurationList = 31C17E4C000000A90018755D /* Build configuration list for PBXNativeTarget "temp" */;
			buildPhases = (
				31C17E16000000A90018755D /* Sources */,
				31C17E17000000A90018755D /* Frameworks */,
				31C17E18000000A90018755D /* Resources */,
			);
			buildRules = (
			);
			dependencies = (
			);
			name = temp;
			productName = temp;
			productReference = 31C17E1A000000A90018755D /* temp.app */;
			productType = "com.apple.product-type.application";
		};
		31C17E3A000000A90018755D /* tempTests */ = {
			isa = PBXNativeTarget;
			buildConfigurationList = 31C17E4F000000A90018755D /* Build configuration list for PBXNativeTarget "tempTests" */;
			buildPhases = (
				31C17E37000000A90018755D /* Sources */,
				31C17E38000000A90018755D /* Frameworks */,
				31C17E39000000A90018755D /* Resources */,
			);
			buildRules = (
			);
			dependencies = (
				31C17E41000000A90018755D /* PBXTargetDependency */,
			);
			name = tempTests;
			productName = tempTests;
			productReference = 31C17E3B000000A90018755D /* tempTests.xctest */;
			productType = "com.apple.product-type.bundle.unit-test";
		};
/* End PBXNativeTarget section */

/* Begin PBXProject section */
		31C17E12000000A90018755D /* Project object */ = {
			isa = PBXProject;
			attributes = {
				LastUpgradeCheck = 0510;
				ORGANIZATIONNAME = Agile;
				TargetAttributes = {
					31C17E3A000000A90018755D = {
						TestTargetID = 31C17E19000000A90018755D;
					};
				};
			};
			buildConfigurationList = 31C17E15000000A90018755D /* Build configuration list for PBXProject "temp" */;
			compatibilityVersion = "Xcode 3.2";
			developmentRegion = English;
			hasScannedForEncodings = 0;
			knownRegions = (
				en,
				Base,
			);
			mainGroup = 31C17E11000000A90018755D;
			productRefGroup = 31C17E1B000000A90018755D /* Products */;
			projectDirPath = "";
			projectRoot = "";
			targets = (
				31C17E19000000A90018755D /* temp */,
				31C17E3A000000A90018755D /* tempTests */,
			);
		};
/* End PBXProject section */

/* Begin PBXResourcesBuildPhase section */
		31C17E18000000A90018755D /* Resources */ = {
			isa = PBXResourcesBuildPhase;
			buildActionMask = 2147483647;
			files = (
				31C17E36000000A90018755D /* Images.xcassets in Resources */,
				31C17E28000000A90018755D /* InfoPlist.strings in Resources */,
				31C17E31000000A90018755D /* Main.storyboard in Resources */,
			);
			runOnlyForDeploymentPostprocessing = 0;
		};
		31C17E39000000A90018755D /* Resources */ = {
			isa = PBXResourcesBuildPhase;
			buildActionMask = 2147483647;
			files = (
				31C17E47000000A90018755D /* InfoPlist.strings in Resources */,
			);
			runOnlyForDeploymentPostprocessing = 0;
		};
/* End PBXResourcesBuildPhase section */

/* Begin PBXSourcesBuildPhase section */
		31C17E16000000A90018755D /* Sources */ = {
			isa = PBXSourcesBuildPhase;
			buildActionMask = 2147483647;
			files = (
				31C17E34000000A90018755D /* ViewController.m in Sources */,
				31C17E2E000000A90018755D /* AppDelegate.m in Sources */,
				31C17E2A000000A90018755D /* main.m in Sources */,
			);
			runOnlyForDeploymentPostprocessing = 0;
		};
		31C17E37000000A90018755D /* Sources */ = {
			isa = PBXSourcesBuildPhase;
			buildActionMask = 2147483647;
			files = (
				31C17E49000000A90018755D /* tempTests.m in Sources */,
			);
			runOnlyForDeploymentPostprocessing = 0;
		};
/* End PBXSourcesBuildPhase section */

/* Begin PBXTargetDependency section */
		31C17E41000000A90018755D /* PBXTargetDependency */ = {
			isa = PBXTargetDependency;
			target = 31C17E19000000A90018755D /* temp */;
			targetProxy = 31C17E40000000A90018755D /* PBXContainerItemProxy */;
		};
/* End PBXTargetDependency section */

/* Begin PBXVariantGroup section */
		31C17E26000000A90018755D /* InfoPlist.strings */ = {
			isa = PBXVariantGroup;
			children = (
				31C17E27000000A90018755D /* en */,
			);
			name = InfoPlist.strings;
			sourceTree = "<group>";
		};
		31C17E2F000000A90018755D /* Main.storyboard */ = {
			isa = PBXVariantGroup;
			children = (
				31C17E30000000A90018755D /* Base */,
			);
			name = Main.storyboard;
			sourceTree = "<group>";
		};
		31C17E45000000A90018755D /* InfoPlist.strings */ = {
			isa = PBXVariantGroup;
			children = (
				31C17E46000000A90018755D /* en */,
			);
			name = InfoPlist.strings;
			sourceTree = "<group>";
		};
/* End PBXVariantGroup section */

/* Begin XCBuildConfiguration section */
		31C17E4A000000A90018755D /* Debug */ = {
			isa = XCBuildConfiguration;
			buildSettings = {
				ALWAYS_SEARCH_USER_PATHS = NO;
				CLANG_CXX_LANGUAGE_STANDARD = "gnu++0x";
				CLANG_CXX_LIBRARY = "libc++";
				CLANG_ENABLE_MODULES = YES;
				CLANG_ENABLE_OBJC_ARC = YES;
				CLANG_WARN_BOOL_CONVERSION = YES;
				CLANG_WARN_CONSTANT_CONVERSION = YES;
				CLANG_WARN_DIRECT_OBJC_ISA_USAGE = YES_ERROR;
				CLANG_WARN_EMPTY_BODY = YES;
				CLANG_WARN_ENUM_CONVERSION = YES;
				CLANG_WARN_INT_CONVERSION = YES;
				CLANG_WARN_OBJC_ROOT_CLASS = YES_ERROR;
				CLANG_WARN__DUPLICATE_METHOD_MATCH = YES;
				"CODE_SIGN_IDENTITY[sdk=iphoneos*]" = "iPhone Developer";
				COPY_PHASE_STRIP = NO;
				GCC_C_LANGUAGE_STANDARD = gnu99;
				GCC_DYNAMIC_NO_PIC = NO;
				GCC_OPTIMIZATION_LEVEL = 0;
				GCC_PREPROCESSOR_DEFINITIONS = (
					"DEBUG=1",
					"$(inherited)",
				);
				GCC_SYMBOLS_PRIVATE_EXTERN = NO;
				GCC_WARN_64_TO_32_BIT_CONVERSION = YES;
				GCC_WARN_ABOUT_RETURN_TYPE = YES_ERROR;
				GCC_WARN_UNDECLARED_SELECTOR = YES;
				GCC_WARN_UNINITIALIZED_AUTOS = YES_AGGRESSIVE;
				GCC_WARN_UNUSED_FUNCTION = YES;
				GCC_WARN_UNUSED_VARIABLE = YES;
				IPHONEOS_DEPLOYMENT_TARGET = 7.1;
				ONLY_ACTIVE_ARCH = YES;
				SDKROOT = iphoneos;
			};
			name = Debug;
		};
		31C17E4B000000A90018755D /* Release */ = {
			isa = XCBuildConfiguration;
			buildSettings = {
				ALWAYS_SEARCH_USER_PATHS = NO;
				CLANG_CXX_LANGUAGE_STANDARD = "gnu++0x";
				CLANG_CXX_LIBRARY = "libc++";
				CLANG_ENABLE_MODULES = YES;
				CLANG_ENABLE_OBJC_ARC = YES;
				CLANG_WARN_BOOL_CONVERSION = YES;
				CLANG_WARN_CONSTANT_CONVERSION = YES;
				CLANG_WARN_DIRECT_OBJC_ISA_USAGE = YES_ERROR;
				CLANG_WARN_EMPTY_BODY = YES;
				CLANG_WARN_ENUM_CONVERSION = YES;
				CLANG_WARN_INT_CONVERSION = YES;
				CLANG_WARN_OBJC_ROOT_CLASS = YES_ERROR;
				CLANG_WARN__DUPLICATE_METHOD_MATCH = YES;
				"CODE_SIGN_IDENTITY[sdk=iphoneos*]" = "iPhone Developer";
				COPY_PHASE_STRIP = YES;
				ENABLE_NS_ASSERTIONS = NO;
				GCC_C_LANGUAGE_STANDARD = gnu99;
				GCC_WARN_64_TO_32_BIT_CONVERSION = YES;
				GCC_WARN_ABOUT_RETURN_TYPE = YES_ERROR;
				GCC_WARN_UNDECLARED_SELECTOR = YES;
				GCC_WARN_UNINITIALIZED_AUTOS = YES_AGGRESSIVE;
				GCC_WARN_UNUSED_FUNCTION = YES;
				GCC_WARN_UNUSED_VARIABLE = YES;
				IPHONEOS_DEPLOYMENT_TARGET = 7.1;
				SDKROOT = iphoneos;
				VALIDATE_PRODUCT = YES;
			};
			name = Release;
		};
		31C17E4D000000A90018755D /* Debug */ = {
			isa = XCBuildConfiguration;
			buildSettings = {
				ASSETCATALOG_COMPILER_APPICON_NAME = AppIcon;
				ASSETCATALOG_COMPILER_LAUNCHIMAGE_NAME = LaunchImage;
				GCC_PRECOMPILE_PREFIX_HEADER = YES;
				GCC_PREFIX_HEADER = "temp/temp-Prefix.pch";
				INFOPLIST_FILE = "temp/temp-Info.plist";
				PRODUCT_NAME = "$(TARGET_NAME)";
				WRAPPER_EXTENSION = app;
			};
			name = Debug;
		};
		31C17E4E000000A90018755D /* Release */ = {
			isa = XCBuildConfiguration;
			buildSettings = {
				ASSETCATALOG_COMPILER_APPICON_NAME = AppIcon;
				ASSETCATALOG_COMPILER_LAUNCHIMAGE_NAME = LaunchImage;
				GCC_PRECOMPILE_PREFIX_HEADER = YES;
				GCC_PREFIX_HEADER = "temp/temp-Prefix.pch";
				INFOPLIST_FILE = "temp/temp-Info.plist";
				PRODUCT_NAME = "$(TARGET_NAME)";
				WRAPPER_EXTENSION = app;
			};
			name = Release;
		};
		31C17E50000000A90018755D /* Debug */ = {
			isa = XCBuildConfiguration;
			buildSettings = {
				BUNDLE_LOADER = "$(BUILT_PRODUCTS_DIR)/temp.app/temp";
				FRAMEWORK_SEARCH_PATHS = (
					"$(SDKROOT)/Developer/Library/Frameworks",
					"$(inherited)",
					"$(DEVELOPER_FRAMEWORKS_DIR)",
				);
				GCC_PRECOMPILE_PREFIX_HEADER = YES;
				GCC_PREFIX_HEADER = "temp/temp-Prefix.pch";
				GCC_PREPROCESSOR_DEFINITIONS = (
					"DEBUG=1",
					"$(inherited)",
				);
				INFOPLIST_FILE = "tempTests/tempTests-Info.plist";
				PRODUCT_NAME = "$(TARGET_NAME)";
				TEST_HOST = "$(BUNDLE_LOADER)";
				WRAPPER_EXTENSION = xctest;
			};
			name = Debug;
		};
		31C17E51000000A90018755D /* Release */ = {
			isa = XCBuildConfiguration;
			buildSettings = {
				BUNDLE_LOADER = "$(BUILT_PRODUCTS_DIR)/temp.app/temp";
				FRAMEWORK_SEARCH_PATHS = (
					"$(SDKROOT)/Developer/Library/Frameworks",
					"$(inherited)",
					"$(DEVELOPER_FRAMEWORKS_DIR)",
				);
				GCC_PRECOMPILE_PREFIX_HEADER = YES;
				GCC_PREFIX_HEADER = "temp/temp-Prefix.pch";
				INFOPLIST_FILE = "tempTests/tempTests-Info.plist";
				PRODUCT_NAME = "$(TARGET_NAME)";
				TEST_HOST = "$(BUNDLE_LOADER)";
				WRAPPER_EXTENSION = xctest;
			};
			name = Release;
		};
/* End XCBuildConfiguration section */

/* Begin XCConfigurationList section */
		31C17E15000000A90018755D /* Build configuration list for PBXProject "temp" */ = {
			isa = XCConfigurationList;
			buildConfigurations = (
				31C17E4A000000A90018755D /* Debug */,
				31C17E4B000000A90018755D /* Release */,
			);
			defaultConfigurationIsVisible = 0;
			defaultConfigurationName = Release;
		};
		31C17E4C000000A90018755D /* Build configuration list for PBXNativeTarget "temp" */ = {
			isa = XCConfigurationList;
			buildConfigurations = (
				31C17E4D000000A90018755D /* Debug */,
				31C17E4E000000A90018755D /* Release */,
			);
			defaultConfigurationIsVisible = 0;
		};
		31C17E4F000000A90018755D /* Build configuration list for PBXNativeTarget "tempTests" */ = {
			isa = XCConfigurationList;
			buildConfigurations = (
				31C17E50000000A90018755D /* Debug */,
				31C17E51000000A90018755D /* Release */,
			);
			defaultConfigurationIsVisible = 0;
		};
/* End XCConfigurationList section */
	};
	rootObject = 31C17E12000000A90018755D /* Project object */;
}
